// !$*UTF8*$!
{
	archiveVersion = 1;
	classes = {
	};
	objectVersion = 50;
	objects = {

/* Begin PBXBuildFile section */
		014D3606212AA1710025F64F /* AppDelegate.m in Sources */ = {isa = PBXBuildFile; fileRef = 014D3605212AA1710025F64F /* AppDelegate.m */; };
		014D360C212AA1710025F64F /* Main.storyboard in Resources */ = {isa = PBXBuildFile; fileRef = 014D360A212AA1710025F64F /* Main.storyboard */; };
		014D360E212AA1730025F64F /* Assets.xcassets in Resources */ = {isa = PBXBuildFile; fileRef = 014D360D212AA1730025F64F /* Assets.xcassets */; };
		014D3611212AA1730025F64F /* LaunchScreen.storyboard in Resources */ = {isa = PBXBuildFile; fileRef = 014D360F212AA1730025F64F /* LaunchScreen.storyboard */; };
		014D3614212AA1730025F64F /* main.m in Sources */ = {isa = PBXBuildFile; fileRef = 014D3613212AA1730025F64F /* main.m */; };
		014D361E212AA1730025F64F /* IOS_ShopDetailTests.m in Sources */ = {isa = PBXBuildFile; fileRef = 014D361D212AA1730025F64F /* IOS_ShopDetailTests.m */; };
		014D3629212AA1730025F64F /* IOS_ShopDetailUITests.m in Sources */ = {isa = PBXBuildFile; fileRef = 014D3628212AA1730025F64F /* IOS_ShopDetailUITests.m */; };
		0193EC62212BA62C00A5598D /* MJPropertyType.m in Sources */ = {isa = PBXBuildFile; fileRef = 0193EBC6212BA62C00A5598D /* MJPropertyType.m */; };
		0193EC63212BA62C00A5598D /* NSObject+MJKeyValue.m in Sources */ = {isa = PBXBuildFile; fileRef = 0193EBC9212BA62C00A5598D /* NSObject+MJKeyValue.m */; };
		0193EC64212BA62C00A5598D /* MJProperty.m in Sources */ = {isa = PBXBuildFile; fileRef = 0193EBCA212BA62C00A5598D /* MJProperty.m */; };
		0193EC65212BA62C00A5598D /* NSObject+MJCoding.m in Sources */ = {isa = PBXBuildFile; fileRef = 0193EBCC212BA62C00A5598D /* NSObject+MJCoding.m */; };
		0193EC66212BA62C00A5598D /* MJExtensionConst.m in Sources */ = {isa = PBXBuildFile; fileRef = 0193EBCE212BA62C00A5598D /* MJExtensionConst.m */; };
		0193EC67212BA62C00A5598D /* NSObject+MJProperty.m in Sources */ = {isa = PBXBuildFile; fileRef = 0193EBCF212BA62C00A5598D /* NSObject+MJProperty.m */; };
		0193EC68212BA62C00A5598D /* NSObject+MJClass.m in Sources */ = {isa = PBXBuildFile; fileRef = 0193EBD1212BA62C00A5598D /* NSObject+MJClass.m */; };
		0193EC69212BA62C00A5598D /* NSString+MJExtension.m in Sources */ = {isa = PBXBuildFile; fileRef = 0193EBD2212BA62C00A5598D /* NSString+MJExtension.m */; };
		0193EC6A212BA62C00A5598D /* MJPropertyKey.m in Sources */ = {isa = PBXBuildFile; fileRef = 0193EBD3212BA62C00A5598D /* MJPropertyKey.m */; };
		0193EC6B212BA62C00A5598D /* MJFoundation.m in Sources */ = {isa = PBXBuildFile; fileRef = 0193EBD7212BA62C00A5598D /* MJFoundation.m */; };
		0193EC6C212BA62C00A5598D /* UIScrollView+MJRefresh.m in Sources */ = {isa = PBXBuildFile; fileRef = 0193EBD9212BA62C00A5598D /* UIScrollView+MJRefresh.m */; };
		0193EC6D212BA62C00A5598D /* MJRefreshConst.m in Sources */ = {isa = PBXBuildFile; fileRef = 0193EBDA212BA62C00A5598D /* MJRefreshConst.m */; };
		0193EC6E212BA62C00A5598D /* MJRefresh.bundle in Resources */ = {isa = PBXBuildFile; fileRef = 0193EBDE212BA62C00A5598D /* MJRefresh.bundle */; };
		0193EC6F212BA62C00A5598D /* UIScrollView+MJExtension.m in Sources */ = {isa = PBXBuildFile; fileRef = 0193EBE0212BA62C00A5598D /* UIScrollView+MJExtension.m */; };
		0193EC70212BA62C00A5598D /* NSBundle+MJRefresh.m in Sources */ = {isa = PBXBuildFile; fileRef = 0193EBE3212BA62C00A5598D /* NSBundle+MJRefresh.m */; };
		0193EC71212BA62C00A5598D /* UIView+MJExtension.m in Sources */ = {isa = PBXBuildFile; fileRef = 0193EBE4212BA62C00A5598D /* UIView+MJExtension.m */; };
		0193EC72212BA62C00A5598D /* MJRefreshBackGifFooter.m in Sources */ = {isa = PBXBuildFile; fileRef = 0193EBEB212BA62C00A5598D /* MJRefreshBackGifFooter.m */; };
		0193EC73212BA62C00A5598D /* MJRefreshBackStateFooter.m in Sources */ = {isa = PBXBuildFile; fileRef = 0193EBEC212BA62C00A5598D /* MJRefreshBackStateFooter.m */; };
		0193EC74212BA62C00A5598D /* MJRefreshBackNormalFooter.m in Sources */ = {isa = PBXBuildFile; fileRef = 0193EBED212BA62C00A5598D /* MJRefreshBackNormalFooter.m */; };
		0193EC75212BA62C00A5598D /* MJRefreshAutoStateFooter.m in Sources */ = {isa = PBXBuildFile; fileRef = 0193EBF2212BA62C00A5598D /* MJRefreshAutoStateFooter.m */; };
		0193EC76212BA62C00A5598D /* MJRefreshAutoGifFooter.m in Sources */ = {isa = PBXBuildFile; fileRef = 0193EBF3212BA62C00A5598D /* MJRefreshAutoGifFooter.m */; };
		0193EC77212BA62C00A5598D /* MJRefreshAutoNormalFooter.m in Sources */ = {isa = PBXBuildFile; fileRef = 0193EBF4212BA62C00A5598D /* MJRefreshAutoNormalFooter.m */; };
		0193EC78212BA62C00A5598D /* MJRefreshNormalHeader.m in Sources */ = {isa = PBXBuildFile; fileRef = 0193EBF6212BA62C00A5598D /* MJRefreshNormalHeader.m */; };
		0193EC79212BA62C00A5598D /* MJRefreshStateHeader.m in Sources */ = {isa = PBXBuildFile; fileRef = 0193EBFA212BA62C00A5598D /* MJRefreshStateHeader.m */; };
		0193EC7A212BA62C00A5598D /* MJRefreshGifHeader.m in Sources */ = {isa = PBXBuildFile; fileRef = 0193EBFB212BA62C00A5598D /* MJRefreshGifHeader.m */; };
		0193EC7B212BA62C00A5598D /* MJRefreshFooter.m in Sources */ = {isa = PBXBuildFile; fileRef = 0193EBFD212BA62C00A5598D /* MJRefreshFooter.m */; };
		0193EC7C212BA62C00A5598D /* MJRefreshHeader.m in Sources */ = {isa = PBXBuildFile; fileRef = 0193EBFF212BA62C00A5598D /* MJRefreshHeader.m */; };
		0193EC7D212BA62C00A5598D /* MJRefreshBackFooter.m in Sources */ = {isa = PBXBuildFile; fileRef = 0193EC01212BA62C00A5598D /* MJRefreshBackFooter.m */; };
		0193EC7E212BA62C00A5598D /* MJRefreshAutoFooter.m in Sources */ = {isa = PBXBuildFile; fileRef = 0193EC02212BA62C00A5598D /* MJRefreshAutoFooter.m */; };
		0193EC7F212BA62C00A5598D /* MJRefreshComponent.m in Sources */ = {isa = PBXBuildFile; fileRef = 0193EC04212BA62C00A5598D /* MJRefreshComponent.m */; };
		0193EC80212BA62C00A5598D /* NSLayoutConstraint+MASDebugAdditions.m in Sources */ = {isa = PBXBuildFile; fileRef = 0193EC09212BA62C00A5598D /* NSLayoutConstraint+MASDebugAdditions.m */; };
		0193EC81212BA62C00A5598D /* ViewController+MASAdditions.m in Sources */ = {isa = PBXBuildFile; fileRef = 0193EC12212BA62C00A5598D /* ViewController+MASAdditions.m */; };
		0193EC82212BA62C00A5598D /* MASCompositeConstraint.m in Sources */ = {isa = PBXBuildFile; fileRef = 0193EC16212BA62C00A5598D /* MASCompositeConstraint.m */; };
		0193EC83212BA62C00A5598D /* MASConstraintMaker.m in Sources */ = {isa = PBXBuildFile; fileRef = 0193EC17212BA62C00A5598D /* MASConstraintMaker.m */; };
		0193EC84212BA62C00A5598D /* MASLayoutConstraint.m in Sources */ = {isa = PBXBuildFile; fileRef = 0193EC18212BA62C00A5598D /* MASLayoutConstraint.m */; };
		0193EC85212BA62C00A5598D /* NSArray+MASAdditions.m in Sources */ = {isa = PBXBuildFile; fileRef = 0193EC19212BA62C00A5598D /* NSArray+MASAdditions.m */; };
		0193EC86212BA62C00A5598D /* View+MASAdditions.m in Sources */ = {isa = PBXBuildFile; fileRef = 0193EC1A212BA62C00A5598D /* View+MASAdditions.m */; };
		0193EC87212BA62C00A5598D /* MASConstraint.m in Sources */ = {isa = PBXBuildFile; fileRef = 0193EC1D212BA62C00A5598D /* MASConstraint.m */; };
		0193EC88212BA62C00A5598D /* MASViewConstraint.m in Sources */ = {isa = PBXBuildFile; fileRef = 0193EC1F212BA62C00A5598D /* MASViewConstraint.m */; };
		0193EC89212BA62C00A5598D /* MASViewAttribute.m in Sources */ = {isa = PBXBuildFile; fileRef = 0193EC20212BA62C00A5598D /* MASViewAttribute.m */; };
		0193EC8A212BA62C00A5598D /* TopicTypeModel.m in Sources */ = {isa = PBXBuildFile; fileRef = 0193EC26212BA62C00A5598D /* TopicTypeModel.m */; };
		0193EC8B212BA62C00A5598D /* SelecterToolsScrolView.m in Sources */ = {isa = PBXBuildFile; fileRef = 0193EC27212BA62C00A5598D /* SelecterToolsScrolView.m */; };
		0193EC8C212BA62C00A5598D /* SelecterContentScrollView.m in Sources */ = {isa = PBXBuildFile; fileRef = 0193EC28212BA62C00A5598D /* SelecterContentScrollView.m */; };
		0193EC8D212BA62C00A5598D /* TopicTypeHandle.m in Sources */ = {isa = PBXBuildFile; fileRef = 0193EC29212BA62C00A5598D /* TopicTypeHandle.m */; };
		0193EC8E212BA62C00A5598D /* ValidateTool.m in Sources */ = {isa = PBXBuildFile; fileRef = 0193EC2B212BA62C00A5598D /* ValidateTool.m */; };
		0193EC8F212BA62C00A5598D /* UIView+Extension.m in Sources */ = {isa = PBXBuildFile; fileRef = 0193EC2E212BA62C00A5598D /* UIView+Extension.m */; };
		0193EC90212BA62C00A5598D /* placeholder@2x.png in Resources */ = {isa = PBXBuildFile; fileRef = 0193EC30212BA62C00A5598D /* placeholder@2x.png */; };
		0193EC91212BA62C00A5598D /* SDCycleScrollView.m in Sources */ = {isa = PBXBuildFile; fileRef = 0193EC34212BA62C00A5598D /* SDCycleScrollView.m */; };
		0193EC92212BA62C00A5598D /* UIView+SDExtension.m in Sources */ = {isa = PBXBuildFile; fileRef = 0193EC35212BA62C00A5598D /* UIView+SDExtension.m */; };
		0193EC93212BA62C00A5598D /* SDCollectionViewCell.m in Sources */ = {isa = PBXBuildFile; fileRef = 0193EC36212BA62C00A5598D /* SDCollectionViewCell.m */; };
		0193EC94212BA62C00A5598D /* pageControlCurrentDot@2x.png in Resources */ = {isa = PBXBuildFile; fileRef = 0193EC38212BA62C00A5598D /* pageControlCurrentDot@2x.png */; };
		0193EC95212BA62C00A5598D /* TADotView.m in Sources */ = {isa = PBXBuildFile; fileRef = 0193EC3A212BA62C00A5598D /* TADotView.m */; };
		0193EC96212BA62C00A5598D /* pageControlCurrentDot@3x.png in Resources */ = {isa = PBXBuildFile; fileRef = 0193EC3B212BA62C00A5598D /* pageControlCurrentDot@3x.png */; };
		0193EC97212BA62C00A5598D /* TAPageControl.m in Sources */ = {isa = PBXBuildFile; fileRef = 0193EC3C212BA62C00A5598D /* TAPageControl.m */; };
		0193EC98212BA62C00A5598D /* TAAnimatedDotView.m in Sources */ = {isa = PBXBuildFile; fileRef = 0193EC3D212BA62C00A5598D /* TAAnimatedDotView.m */; };
		0193EC99212BA62C00A5598D /* TAAbstractDotView.m in Sources */ = {isa = PBXBuildFile; fileRef = 0193EC3E212BA62C00A5598D /* TAAbstractDotView.m */; };
		0193EC9A212BA62C00A5598D /* pageControlDot@3x.png in Resources */ = {isa = PBXBuildFile; fileRef = 0193EC3F212BA62C00A5598D /* pageControlDot@3x.png */; };
		0193EC9B212BA62C00A5598D /* pageControlDot@2x.png in Resources */ = {isa = PBXBuildFile; fileRef = 0193EC40212BA62C00A5598D /* pageControlDot@2x.png */; };
		0193EC9C212BA62C00A5598D /* SDWebImageManager.m in Sources */ = {isa = PBXBuildFile; fileRef = 0193EC47212BA62C00A5598D /* SDWebImageManager.m */; };
		0193EC9D212BA62C00A5598D /* SDWebImageDecoder.m in Sources */ = {isa = PBXBuildFile; fileRef = 0193EC48212BA62C00A5598D /* SDWebImageDecoder.m */; };
		0193EC9E212BA62C00A5598D /* UIImageView+HighlightedWebCache.m in Sources */ = {isa = PBXBuildFile; fileRef = 0193EC4A212BA62C00A5598D /* UIImageView+HighlightedWebCache.m */; };
		0193EC9F212BA62C00A5598D /* SDWebImageDownloader.m in Sources */ = {isa = PBXBuildFile; fileRef = 0193EC4C212BA62C00A5598D /* SDWebImageDownloader.m */; };
		0193ECA0212BA62C00A5598D /* UIImage+GIF.m in Sources */ = {isa = PBXBuildFile; fileRef = 0193EC4D212BA62C00A5598D /* UIImage+GIF.m */; };
		0193ECA1212BA62C00A5598D /* UIImage+MultiFormat.m in Sources */ = {isa = PBXBuildFile; fileRef = 0193EC4F212BA62C00A5598D /* UIImage+MultiFormat.m */; };
		0193ECA2212BA62C00A5598D /* SDWebImageCompat.m in Sources */ = {isa = PBXBuildFile; fileRef = 0193EC50212BA62C00A5598D /* SDWebImageCompat.m */; };
		0193ECA3212BA62C00A5598D /* SDWebImagePrefetcher.m in Sources */ = {isa = PBXBuildFile; fileRef = 0193EC51212BA62C00A5598D /* SDWebImagePrefetcher.m */; };
		0193ECA4212BA62C00A5598D /* SDImageCache.m in Sources */ = {isa = PBXBuildFile; fileRef = 0193EC53212BA62C00A5598D /* SDImageCache.m */; };
		0193ECA5212BA62C00A5598D /* SDWebImageDownloaderOperation.m in Sources */ = {isa = PBXBuildFile; fileRef = 0193EC55212BA62C00A5598D /* SDWebImageDownloaderOperation.m */; };
		0193ECA6212BA62C00A5598D /* NSData+ImageContentType.m in Sources */ = {isa = PBXBuildFile; fileRef = 0193EC58212BA62C00A5598D /* NSData+ImageContentType.m */; };
		0193ECA7212BA62C00A5598D /* UIImageView+WebCache.m in Sources */ = {isa = PBXBuildFile; fileRef = 0193EC59212BA62C00A5598D /* UIImageView+WebCache.m */; };
		0193ECA8212BA62C00A5598D /* UIView+WebCacheOperation.m in Sources */ = {isa = PBXBuildFile; fileRef = 0193EC5C212BA62C00A5598D /* UIView+WebCacheOperation.m */; };
		0193ECA9212BA62C00A5598D /* UIButton+WebCache.m in Sources */ = {isa = PBXBuildFile; fileRef = 0193EC60212BA62C00A5598D /* UIButton+WebCache.m */; };
		0193ECB1212BA64400A5598D /* ViewController.m in Sources */ = {isa = PBXBuildFile; fileRef = 0193ECAD212BA64300A5598D /* ViewController.m */; };
		0193ECB2212BA64400A5598D /* ParentClassScrollViewController.m in Sources */ = {isa = PBXBuildFile; fileRef = 0193ECAF212BA64300A5598D /* ParentClassScrollViewController.m */; };
		0193ECB5212BA69A00A5598D /* ShopImageDetailController.m in Sources */ = {isa = PBXBuildFile; fileRef = 0193ECB4212BA69A00A5598D /* ShopImageDetailController.m */; };
		0193ECB8212BA6A500A5598D /* ShopHotController.m in Sources */ = {isa = PBXBuildFile; fileRef = 0193ECB7212BA6A500A5598D /* ShopHotController.m */; };
		0193ECBB212BA6C300A5598D /* ShopCommentsController.m in Sources */ = {isa = PBXBuildFile; fileRef = 0193ECBA212BA6C300A5598D /* ShopCommentsController.m */; };
		0193ECBE212BA81400A5598D /* ShopHeadDetailView.m in Sources */ = {isa = PBXBuildFile; fileRef = 0193ECBD212BA81400A5598D /* ShopHeadDetailView.m */; };
		0193ECC1212BA84400A5598D /* ShopModel.m in Sources */ = {isa = PBXBuildFile; fileRef = 0193ECC0212BA84400A5598D /* ShopModel.m */; };
		0193ECC4212BA8CA00A5598D /* MainTouchTableVIew.m in Sources */ = {isa = PBXBuildFile; fileRef = 0193ECC3212BA8CA00A5598D /* MainTouchTableVIew.m */; };
		0193ECC7212BB1BA00A5598D /* JoinShoppingVIew.m in Sources */ = {isa = PBXBuildFile; fileRef = 0193ECC5212BB1B900A5598D /* JoinShoppingVIew.m */; };
		0193ECCA212BB7EF00A5598D /* ShopNavView.m in Sources */ = {isa = PBXBuildFile; fileRef = 0193ECC9212BB7EF00A5598D /* ShopNavView.m */; };
		0193ECCD212BB92C00A5598D /* DetaImagetableViewCell.m in Sources */ = {isa = PBXBuildFile; fileRef = 0193ECCB212BB92C00A5598D /* DetaImagetableViewCell.m */; };
/* End PBXBuildFile section */

/* Begin PBXContainerItemProxy section */
		014D361A212AA1730025F64F /* PBXContainerItemProxy */ = {
			isa = PBXContainerItemProxy;
			containerPortal = 014D35F9212AA1710025F64F /* Project object */;
			proxyType = 1;
			remoteGlobalIDString = 014D3600212AA1710025F64F;
			remoteInfo = IOS_ShopDetail;
		};
		014D3625212AA1730025F64F /* PBXContainerItemProxy */ = {
			isa = PBXContainerItemProxy;
			containerPortal = 014D35F9212AA1710025F64F /* Project object */;
			proxyType = 1;
			remoteGlobalIDString = 014D3600212AA1710025F64F;
			remoteInfo = IOS_ShopDetail;
		};
/* End PBXContainerItemProxy section */

/* Begin PBXFileReference section */
		014D3601212AA1710025F64F /* IOS_ShopDetail.app */ = {isa = PBXFileReference; explicitFileType = wrapper.application; includeInIndex = 0; path = IOS_ShopDetail.app; sourceTree = BUILT_PRODUCTS_DIR; };
		014D3604212AA1710025F64F /* AppDelegate.h */ = {isa = PBXFileReference; lastKnownFileType = sourcecode.c.h; path = AppDelegate.h; sourceTree = "<group>"; };
		014D3605212AA1710025F64F /* AppDelegate.m */ = {isa = PBXFileReference; lastKnownFileType = sourcecode.c.objc; path = AppDelegate.m; sourceTree = "<group>"; };
		014D360B212AA1710025F64F /* Base */ = {isa = PBXFileReference; lastKnownFileType = file.storyboard; name = Base; path = Base.lproj/Main.storyboard; sourceTree = "<group>"; };
		014D360D212AA1730025F64F /* Assets.xcassets */ = {isa = PBXFileReference; lastKnownFileType = folder.assetcatalog; path = Assets.xcassets; sourceTree = "<group>"; };
		014D3610212AA1730025F64F /* Base */ = {isa = PBXFileReference; lastKnownFileType = file.storyboard; name = Base; path = Base.lproj/LaunchScreen.storyboard; sourceTree = "<group>"; };
		014D3612212AA1730025F64F /* Info.plist */ = {isa = PBXFileReference; lastKnownFileType = text.plist.xml; path = Info.plist; sourceTree = "<group>"; };
		014D3613212AA1730025F64F /* main.m */ = {isa = PBXFileReference; lastKnownFileType = sourcecode.c.objc; path = main.m; sourceTree = "<group>"; };
		014D3619212AA1730025F64F /* IOS_ShopDetailTests.xctest */ = {isa = PBXFileReference; explicitFileType = wrapper.cfbundle; includeInIndex = 0; path = IOS_ShopDetailTests.xctest; sourceTree = BUILT_PRODUCTS_DIR; };
		014D361D212AA1730025F64F /* IOS_ShopDetailTests.m */ = {isa = PBXFileReference; lastKnownFileType = sourcecode.c.objc; path = IOS_ShopDetailTests.m; sourceTree = "<group>"; };
		014D361F212AA1730025F64F /* Info.plist */ = {isa = PBXFileReference; lastKnownFileType = text.plist.xml; path = Info.plist; sourceTree = "<group>"; };
		014D3624212AA1730025F64F /* IOS_ShopDetailUITests.xctest */ = {isa = PBXFileReference; explicitFileType = wrapper.cfbundle; includeInIndex = 0; path = IOS_ShopDetailUITests.xctest; sourceTree = BUILT_PRODUCTS_DIR; };
		014D3628212AA1730025F64F /* IOS_ShopDetailUITests.m */ = {isa = PBXFileReference; lastKnownFileType = sourcecode.c.objc; path = IOS_ShopDetailUITests.m; sourceTree = "<group>"; };
		014D362A212AA1730025F64F /* Info.plist */ = {isa = PBXFileReference; lastKnownFileType = text.plist.xml; path = Info.plist; sourceTree = "<group>"; };
		014D3636212AA1B70025F64F /* PrefixHeader.pch */ = {isa = PBXFileReference; lastKnownFileType = sourcecode.c.h; path = PrefixHeader.pch; sourceTree = "<group>"; };
		0193EBC3212BA62C00A5598D /* MJPropertyKey.h */ = {isa = PBXFileReference; fileEncoding = 4; lastKnownFileType = sourcecode.c.h; path = MJPropertyKey.h; sourceTree = "<group>"; };
		0193EBC4212BA62C00A5598D /* NSObject+MJClass.h */ = {isa = PBXFileReference; fileEncoding = 4; lastKnownFileType = sourcecode.c.h; path = "NSObject+MJClass.h"; sourceTree = "<group>"; };
		0193EBC5212BA62C00A5598D /* NSString+MJExtension.h */ = {isa = PBXFileReference; fileEncoding = 4; lastKnownFileType = sourcecode.c.h; path = "NSString+MJExtension.h"; sourceTree = "<group>"; };
		0193EBC6212BA62C00A5598D /* MJPropertyType.m */ = {isa = PBXFileReference; fileEncoding = 4; lastKnownFileType = sourcecode.c.objc; path = MJPropertyType.m; sourceTree = "<group>"; };
		0193EBC7212BA62C00A5598D /* NSObject+MJProperty.h */ = {isa = PBXFileReference; fileEncoding = 4; lastKnownFileType = sourcecode.c.h; path = "NSObject+MJProperty.h"; sourceTree = "<group>"; };
		0193EBC8212BA62C00A5598D /* MJExtensionConst.h */ = {isa = PBXFileReference; fileEncoding = 4; lastKnownFileType = sourcecode.c.h; path = MJExtensionConst.h; sourceTree = "<group>"; };
		0193EBC9212BA62C00A5598D /* NSObject+MJKeyValue.m */ = {isa = PBXFileReference; fileEncoding = 4; lastKnownFileType = sourcecode.c.objc; path = "NSObject+MJKeyValue.m"; sourceTree = "<group>"; };
		0193EBCA212BA62C00A5598D /* MJProperty.m */ = {isa = PBXFileReference; fileEncoding = 4; lastKnownFileType = sourcecode.c.objc; path = MJProperty.m; sourceTree = "<group>"; };
		0193EBCB212BA62C00A5598D /* MJFoundation.h */ = {isa = PBXFileReference; fileEncoding = 4; lastKnownFileType = sourcecode.c.h; path = MJFoundation.h; sourceTree = "<group>"; };
		0193EBCC212BA62C00A5598D /* NSObject+MJCoding.m */ = {isa = PBXFileReference; fileEncoding = 4; lastKnownFileType = sourcecode.c.objc; path = "NSObject+MJCoding.m"; sourceTree = "<group>"; };
		0193EBCD212BA62C00A5598D /* MJExtension.h */ = {isa = PBXFileReference; fileEncoding = 4; lastKnownFileType = sourcecode.c.h; path = MJExtension.h; sourceTree = "<group>"; };
		0193EBCE212BA62C00A5598D /* MJExtensionConst.m */ = {isa = PBXFileReference; fileEncoding = 4; lastKnownFileType = sourcecode.c.objc; path = MJExtensionConst.m; sourceTree = "<group>"; };
		0193EBCF212BA62C00A5598D /* NSObject+MJProperty.m */ = {isa = PBXFileReference; fileEncoding = 4; lastKnownFileType = sourcecode.c.objc; path = "NSObject+MJProperty.m"; sourceTree = "<group>"; };
		0193EBD0212BA62C00A5598D /* MJPropertyType.h */ = {isa = PBXFileReference; fileEncoding = 4; lastKnownFileType = sourcecode.c.h; path = MJPropertyType.h; sourceTree = "<group>"; };
		0193EBD1212BA62C00A5598D /* NSObject+MJClass.m */ = {isa = PBXFileReference; fileEncoding = 4; lastKnownFileType = sourcecode.c.objc; path = "NSObject+MJClass.m"; sourceTree = "<group>"; };
		0193EBD2212BA62C00A5598D /* NSString+MJExtension.m */ = {isa = PBXFileReference; fileEncoding = 4; lastKnownFileType = sourcecode.c.objc; path = "NSString+MJExtension.m"; sourceTree = "<group>"; };
		0193EBD3212BA62C00A5598D /* MJPropertyKey.m */ = {isa = PBXFileReference; fileEncoding = 4; lastKnownFileType = sourcecode.c.objc; path = MJPropertyKey.m; sourceTree = "<group>"; };
		0193EBD4212BA62C00A5598D /* MJProperty.h */ = {isa = PBXFileReference; fileEncoding = 4; lastKnownFileType = sourcecode.c.h; path = MJProperty.h; sourceTree = "<group>"; };
		0193EBD5212BA62C00A5598D /* NSObject+MJKeyValue.h */ = {isa = PBXFileReference; fileEncoding = 4; lastKnownFileType = sourcecode.c.h; path = "NSObject+MJKeyValue.h"; sourceTree = "<group>"; };
		0193EBD6212BA62C00A5598D /* NSObject+MJCoding.h */ = {isa = PBXFileReference; fileEncoding = 4; lastKnownFileType = sourcecode.c.h; path = "NSObject+MJCoding.h"; sourceTree = "<group>"; };
		0193EBD7212BA62C00A5598D /* MJFoundation.m */ = {isa = PBXFileReference; fileEncoding = 4; lastKnownFileType = sourcecode.c.objc; path = MJFoundation.m; sourceTree = "<group>"; };
		0193EBD9212BA62C00A5598D /* UIScrollView+MJRefresh.m */ = {isa = PBXFileReference; fileEncoding = 4; lastKnownFileType = sourcecode.c.objc; path = "UIScrollView+MJRefresh.m"; sourceTree = "<group>"; };
		0193EBDA212BA62C00A5598D /* MJRefreshConst.m */ = {isa = PBXFileReference; fileEncoding = 4; lastKnownFileType = sourcecode.c.objc; path = MJRefreshConst.m; sourceTree = "<group>"; };
		0193EBDB212BA62C00A5598D /* UIScrollView+MJExtension.h */ = {isa = PBXFileReference; fileEncoding = 4; lastKnownFileType = sourcecode.c.h; path = "UIScrollView+MJExtension.h"; sourceTree = "<group>"; };
		0193EBDC212BA62C00A5598D /* MJRefresh.h */ = {isa = PBXFileReference; fileEncoding = 4; lastKnownFileType = sourcecode.c.h; path = MJRefresh.h; sourceTree = "<group>"; };
		0193EBDD212BA62C00A5598D /* NSBundle+MJRefresh.h */ = {isa = PBXFileReference; fileEncoding = 4; lastKnownFileType = sourcecode.c.h; path = "NSBundle+MJRefresh.h"; sourceTree = "<group>"; };
		0193EBDE212BA62C00A5598D /* MJRefresh.bundle */ = {isa = PBXFileReference; lastKnownFileType = "wrapper.plug-in"; path = MJRefresh.bundle; sourceTree = "<group>"; };
		0193EBDF212BA62C00A5598D /* UIView+MJExtension.h */ = {isa = PBXFileReference; fileEncoding = 4; lastKnownFileType = sourcecode.c.h; path = "UIView+MJExtension.h"; sourceTree = "<group>"; };
		0193EBE0212BA62C00A5598D /* UIScrollView+MJExtension.m */ = {isa = PBXFileReference; fileEncoding = 4; lastKnownFileType = sourcecode.c.objc; path = "UIScrollView+MJExtension.m"; sourceTree = "<group>"; };
		0193EBE1212BA62C00A5598D /* MJRefreshConst.h */ = {isa = PBXFileReference; fileEncoding = 4; lastKnownFileType = sourcecode.c.h; path = MJRefreshConst.h; sourceTree = "<group>"; };
		0193EBE2212BA62C00A5598D /* UIScrollView+MJRefresh.h */ = {isa = PBXFileReference; fileEncoding = 4; lastKnownFileType = sourcecode.c.h; path = "UIScrollView+MJRefresh.h"; sourceTree = "<group>"; };
		0193EBE3212BA62C00A5598D /* NSBundle+MJRefresh.m */ = {isa = PBXFileReference; fileEncoding = 4; lastKnownFileType = sourcecode.c.objc; path = "NSBundle+MJRefresh.m"; sourceTree = "<group>"; };
		0193EBE4212BA62C00A5598D /* UIView+MJExtension.m */ = {isa = PBXFileReference; fileEncoding = 4; lastKnownFileType = sourcecode.c.objc; path = "UIView+MJExtension.m"; sourceTree = "<group>"; };
		0193EBE8212BA62C00A5598D /* MJRefreshBackGifFooter.h */ = {isa = PBXFileReference; fileEncoding = 4; lastKnownFileType = sourcecode.c.h; path = MJRefreshBackGifFooter.h; sourceTree = "<group>"; };
		0193EBE9212BA62C00A5598D /* MJRefreshBackStateFooter.h */ = {isa = PBXFileReference; fileEncoding = 4; lastKnownFileType = sourcecode.c.h; path = MJRefreshBackStateFooter.h; sourceTree = "<group>"; };
		0193EBEA212BA62C00A5598D /* MJRefreshBackNormalFooter.h */ = {isa = PBXFileReference; fileEncoding = 4; lastKnownFileType = sourcecode.c.h; path = MJRefreshBackNormalFooter.h; sourceTree = "<group>"; };
		0193EBEB212BA62C00A5598D /* MJRefreshBackGifFooter.m */ = {isa = PBXFileReference; fileEncoding = 4; lastKnownFileType = sourcecode.c.objc; path = MJRefreshBackGifFooter.m; sourceTree = "<group>"; };
		0193EBEC212BA62C00A5598D /* MJRefreshBackStateFooter.m */ = {isa = PBXFileReference; fileEncoding = 4; lastKnownFileType = sourcecode.c.objc; path = MJRefreshBackStateFooter.m; sourceTree = "<group>"; };
		0193EBED212BA62C00A5598D /* MJRefreshBackNormalFooter.m */ = {isa = PBXFileReference; fileEncoding = 4; lastKnownFileType = sourcecode.c.objc; path = MJRefreshBackNormalFooter.m; sourceTree = "<group>"; };
		0193EBEF212BA62C00A5598D /* MJRefreshAutoStateFooter.h */ = {isa = PBXFileReference; fileEncoding = 4; lastKnownFileType = sourcecode.c.h; path = MJRefreshAutoStateFooter.h; sourceTree = "<group>"; };
		0193EBF0212BA62C00A5598D /* MJRefreshAutoNormalFooter.h */ = {isa = PBXFileReference; fileEncoding = 4; lastKnownFileType = sourcecode.c.h; path = MJRefreshAutoNormalFooter.h; sourceTree = "<group>"; };
		0193EBF1212BA62C00A5598D /* MJRefreshAutoGifFooter.h */ = {isa = PBXFileReference; fileEncoding = 4; lastKnownFileType = sourcecode.c.h; path = MJRefreshAutoGifFooter.h; sourceTree = "<group>"; };
		0193EBF2212BA62C00A5598D /* MJRefreshAutoStateFooter.m */ = {isa = PBXFileReference; fileEncoding = 4; lastKnownFileType = sourcecode.c.objc; path = MJRefreshAutoStateFooter.m; sourceTree = "<group>"; };
		0193EBF3212BA62C00A5598D /* MJRefreshAutoGifFooter.m */ = {isa = PBXFileReference; fileEncoding = 4; lastKnownFileType = sourcecode.c.objc; path = MJRefreshAutoGifFooter.m; sourceTree = "<group>"; };
		0193EBF4212BA62C00A5598D /* MJRefreshAutoNormalFooter.m */ = {isa = PBXFileReference; fileEncoding = 4; lastKnownFileType = sourcecode.c.objc; path = MJRefreshAutoNormalFooter.m; sourceTree = "<group>"; };
		0193EBF6212BA62C00A5598D /* MJRefreshNormalHeader.m */ = {isa = PBXFileReference; fileEncoding = 4; lastKnownFileType = sourcecode.c.objc; path = MJRefreshNormalHeader.m; sourceTree = "<group>"; };
		0193EBF7212BA62C00A5598D /* MJRefreshStateHeader.h */ = {isa = PBXFileReference; fileEncoding = 4; lastKnownFileType = sourcecode.c.h; path = MJRefreshStateHeader.h; sourceTree = "<group>"; };
		0193EBF8212BA62C00A5598D /* MJRefreshGifHeader.h */ = {isa = PBXFileReference; fileEncoding = 4; lastKnownFileType = sourcecode.c.h; path = MJRefreshGifHeader.h; sourceTree = "<group>"; };
		0193EBF9212BA62C00A5598D /* MJRefreshNormalHeader.h */ = {isa = PBXFileReference; fileEncoding = 4; lastKnownFileType = sourcecode.c.h; path = MJRefreshNormalHeader.h; sourceTree = "<group>"; };
		0193EBFA212BA62C00A5598D /* MJRefreshStateHeader.m */ = {isa = PBXFileReference; fileEncoding = 4; lastKnownFileType = sourcecode.c.objc; path = MJRefreshStateHeader.m; sourceTree = "<group>"; };
		0193EBFB212BA62C00A5598D /* MJRefreshGifHeader.m */ = {isa = PBXFileReference; fileEncoding = 4; lastKnownFileType = sourcecode.c.objc; path = MJRefreshGifHeader.m; sourceTree = "<group>"; };
		0193EBFD212BA62C00A5598D /* MJRefreshFooter.m */ = {isa = PBXFileReference; fileEncoding = 4; lastKnownFileType = sourcecode.c.objc; path = MJRefreshFooter.m; sourceTree = "<group>"; };
		0193EBFE212BA62C00A5598D /* MJRefreshComponent.h */ = {isa = PBXFileReference; fileEncoding = 4; lastKnownFileType = sourcecode.c.h; path = MJRefreshComponent.h; sourceTree = "<group>"; };
		0193EBFF212BA62C00A5598D /* MJRefreshHeader.m */ = {isa = PBXFileReference; fileEncoding = 4; lastKnownFileType = sourcecode.c.objc; path = MJRefreshHeader.m; sourceTree = "<group>"; };
		0193EC00212BA62C00A5598D /* MJRefreshAutoFooter.h */ = {isa = PBXFileReference; fileEncoding = 4; lastKnownFileType = sourcecode.c.h; path = MJRefreshAutoFooter.h; sourceTree = "<group>"; };
		0193EC01212BA62C00A5598D /* MJRefreshBackFooter.m */ = {isa = PBXFileReference; fileEncoding = 4; lastKnownFileType = sourcecode.c.objc; path = MJRefreshBackFooter.m; sourceTree = "<group>"; };
		0193EC02212BA62C00A5598D /* MJRefreshAutoFooter.m */ = {isa = PBXFileReference; fileEncoding = 4; lastKnownFileType = sourcecode.c.objc; path = MJRefreshAutoFooter.m; sourceTree = "<group>"; };
		0193EC03212BA62C00A5598D /* MJRefreshHeader.h */ = {isa = PBXFileReference; fileEncoding = 4; lastKnownFileType = sourcecode.c.h; path = MJRefreshHeader.h; sourceTree = "<group>"; };
		0193EC04212BA62C00A5598D /* MJRefreshComponent.m */ = {isa = PBXFileReference; fileEncoding = 4; lastKnownFileType = sourcecode.c.objc; path = MJRefreshComponent.m; sourceTree = "<group>"; };
		0193EC05212BA62C00A5598D /* MJRefreshFooter.h */ = {isa = PBXFileReference; fileEncoding = 4; lastKnownFileType = sourcecode.c.h; path = MJRefreshFooter.h; sourceTree = "<group>"; };
		0193EC06212BA62C00A5598D /* MJRefreshBackFooter.h */ = {isa = PBXFileReference; fileEncoding = 4; lastKnownFileType = sourcecode.c.h; path = MJRefreshBackFooter.h; sourceTree = "<group>"; };
		0193EC08212BA62C00A5598D /* MASCompositeConstraint.h */ = {isa = PBXFileReference; fileEncoding = 4; lastKnownFileType = sourcecode.c.h; path = MASCompositeConstraint.h; sourceTree = "<group>"; };
		0193EC09212BA62C00A5598D /* NSLayoutConstraint+MASDebugAdditions.m */ = {isa = PBXFileReference; fileEncoding = 4; lastKnownFileType = sourcecode.c.objc; path = "NSLayoutConstraint+MASDebugAdditions.m"; sourceTree = "<group>"; };
		0193EC0A212BA62C00A5598D /* MASConstraint+Private.h */ = {isa = PBXFileReference; fileEncoding = 4; lastKnownFileType = sourcecode.c.h; path = "MASConstraint+Private.h"; sourceTree = "<group>"; };
		0193EC0B212BA62C00A5598D /* MASLayoutConstraint.h */ = {isa = PBXFileReference; fileEncoding = 4; lastKnownFileType = sourcecode.c.h; path = MASLayoutConstraint.h; sourceTree = "<group>"; };
		0193EC0C212BA62C00A5598D /* NSArray+MASShorthandAdditions.h */ = {isa = PBXFileReference; fileEncoding = 4; lastKnownFileType = sourcecode.c.h; path = "NSArray+MASShorthandAdditions.h"; sourceTree = "<group>"; };
		0193EC0D212BA62C00A5598D /* MASConstraintMaker.h */ = {isa = PBXFileReference; fileEncoding = 4; lastKnownFileType = sourcecode.c.h; path = MASConstraintMaker.h; sourceTree = "<group>"; };
		0193EC0E212BA62C00A5598D /* View+MASAdditions.h */ = {isa = PBXFileReference; fileEncoding = 4; lastKnownFileType = sourcecode.c.h; path = "View+MASAdditions.h"; sourceTree = "<group>"; };
		0193EC0F212BA62C00A5598D /* NSArray+MASAdditions.h */ = {isa = PBXFileReference; fileEncoding = 4; lastKnownFileType = sourcecode.c.h; path = "NSArray+MASAdditions.h"; sourceTree = "<group>"; };
		0193EC10212BA62C00A5598D /* MASUtilities.h */ = {isa = PBXFileReference; fileEncoding = 4; lastKnownFileType = sourcecode.c.h; path = MASUtilities.h; sourceTree = "<group>"; };
		0193EC11212BA62C00A5598D /* MASViewAttribute.h */ = {isa = PBXFileReference; fileEncoding = 4; lastKnownFileType = sourcecode.c.h; path = MASViewAttribute.h; sourceTree = "<group>"; };
		0193EC12212BA62C00A5598D /* ViewController+MASAdditions.m */ = {isa = PBXFileReference; fileEncoding = 4; lastKnownFileType = sourcecode.c.objc; path = "ViewController+MASAdditions.m"; sourceTree = "<group>"; };
		0193EC13212BA62C00A5598D /* MASViewConstraint.h */ = {isa = PBXFileReference; fileEncoding = 4; lastKnownFileType = sourcecode.c.h; path = MASViewConstraint.h; sourceTree = "<group>"; };
		0193EC14212BA62C00A5598D /* MASConstraint.h */ = {isa = PBXFileReference; fileEncoding = 4; lastKnownFileType = sourcecode.c.h; path = MASConstraint.h; sourceTree = "<group>"; };
		0193EC15212BA62C00A5598D /* NSLayoutConstraint+MASDebugAdditions.h */ = {isa = PBXFileReference; fileEncoding = 4; lastKnownFileType = sourcecode.c.h; path = "NSLayoutConstraint+MASDebugAdditions.h"; sourceTree = "<group>"; };
		0193EC16212BA62C00A5598D /* MASCompositeConstraint.m */ = {isa = PBXFileReference; fileEncoding = 4; lastKnownFileType = sourcecode.c.objc; path = MASCompositeConstraint.m; sourceTree = "<group>"; };
		0193EC17212BA62C00A5598D /* MASConstraintMaker.m */ = {isa = PBXFileReference; fileEncoding = 4; lastKnownFileType = sourcecode.c.objc; path = MASConstraintMaker.m; sourceTree = "<group>"; };
		0193EC18212BA62C00A5598D /* MASLayoutConstraint.m */ = {isa = PBXFileReference; fileEncoding = 4; lastKnownFileType = sourcecode.c.objc; path = MASLayoutConstraint.m; sourceTree = "<group>"; };
		0193EC19212BA62C00A5598D /* NSArray+MASAdditions.m */ = {isa = PBXFileReference; fileEncoding = 4; lastKnownFileType = sourcecode.c.objc; path = "NSArray+MASAdditions.m"; sourceTree = "<group>"; };
		0193EC1A212BA62C00A5598D /* View+MASAdditions.m */ = {isa = PBXFileReference; fileEncoding = 4; lastKnownFileType = sourcecode.c.objc; path = "View+MASAdditions.m"; sourceTree = "<group>"; };
		0193EC1B212BA62C00A5598D /* View+MASShorthandAdditions.h */ = {isa = PBXFileReference; fileEncoding = 4; lastKnownFileType = sourcecode.c.h; path = "View+MASShorthandAdditions.h"; sourceTree = "<group>"; };
		0193EC1C212BA62C00A5598D /* Masonry.h */ = {isa = PBXFileReference; fileEncoding = 4; lastKnownFileType = sourcecode.c.h; path = Masonry.h; sourceTree = "<group>"; };
		0193EC1D212BA62C00A5598D /* MASConstraint.m */ = {isa = PBXFileReference; fileEncoding = 4; lastKnownFileType = sourcecode.c.objc; path = MASConstraint.m; sourceTree = "<group>"; };
		0193EC1E212BA62C00A5598D /* ViewController+MASAdditions.h */ = {isa = PBXFileReference; fileEncoding = 4; lastKnownFileType = sourcecode.c.h; path = "ViewController+MASAdditions.h"; sourceTree = "<group>"; };
		0193EC1F212BA62C00A5598D /* MASViewConstraint.m */ = {isa = PBXFileReference; fileEncoding = 4; lastKnownFileType = sourcecode.c.objc; path = MASViewConstraint.m; sourceTree = "<group>"; };
		0193EC20212BA62C00A5598D /* MASViewAttribute.m */ = {isa = PBXFileReference; fileEncoding = 4; lastKnownFileType = sourcecode.c.objc; path = MASViewAttribute.m; sourceTree = "<group>"; };
		0193EC22212BA62C00A5598D /* TopicTypeModel.h */ = {isa = PBXFileReference; fileEncoding = 4; lastKnownFileType = sourcecode.c.h; path = TopicTypeModel.h; sourceTree = "<group>"; };
		0193EC23212BA62C00A5598D /* SelecterContentScrollView.h */ = {isa = PBXFileReference; fileEncoding = 4; lastKnownFileType = sourcecode.c.h; path = SelecterContentScrollView.h; sourceTree = "<group>"; };
		0193EC24212BA62C00A5598D /* SelecterToolsScrolView.h */ = {isa = PBXFileReference; fileEncoding = 4; lastKnownFileType = sourcecode.c.h; path = SelecterToolsScrolView.h; sourceTree = "<group>"; };
		0193EC25212BA62C00A5598D /* TopicTypeHandle.h */ = {isa = PBXFileReference; fileEncoding = 4; lastKnownFileType = sourcecode.c.h; path = TopicTypeHandle.h; sourceTree = "<group>"; };
		0193EC26212BA62C00A5598D /* TopicTypeModel.m */ = {isa = PBXFileReference; fileEncoding = 4; lastKnownFileType = sourcecode.c.objc; path = TopicTypeModel.m; sourceTree = "<group>"; };
		0193EC27212BA62C00A5598D /* SelecterToolsScrolView.m */ = {isa = PBXFileReference; fileEncoding = 4; lastKnownFileType = sourcecode.c.objc; path = SelecterToolsScrolView.m; sourceTree = "<group>"; };
		0193EC28212BA62C00A5598D /* SelecterContentScrollView.m */ = {isa = PBXFileReference; fileEncoding = 4; lastKnownFileType = sourcecode.c.objc; path = SelecterContentScrollView.m; sourceTree = "<group>"; };
		0193EC29212BA62C00A5598D /* TopicTypeHandle.m */ = {isa = PBXFileReference; fileEncoding = 4; lastKnownFileType = sourcecode.c.objc; path = TopicTypeHandle.m; sourceTree = "<group>"; };
		0193EC2B212BA62C00A5598D /* ValidateTool.m */ = {isa = PBXFileReference; fileEncoding = 4; lastKnownFileType = sourcecode.c.objc; path = ValidateTool.m; sourceTree = "<group>"; };
		0193EC2C212BA62C00A5598D /* UIView+Extension.h */ = {isa = PBXFileReference; fileEncoding = 4; lastKnownFileType = sourcecode.c.h; path = "UIView+Extension.h"; sourceTree = "<group>"; };
		0193EC2D212BA62C00A5598D /* ValidateTool.h */ = {isa = PBXFileReference; fileEncoding = 4; lastKnownFileType = sourcecode.c.h; path = ValidateTool.h; sourceTree = "<group>"; };
		0193EC2E212BA62C00A5598D /* UIView+Extension.m */ = {isa = PBXFileReference; fileEncoding = 4; lastKnownFileType = sourcecode.c.objc; path = "UIView+Extension.m"; sourceTree = "<group>"; };
		0193EC30212BA62C00A5598D /* placeholder@2x.png */ = {isa = PBXFileReference; lastKnownFileType = image.png; path = "placeholder@2x.png"; sourceTree = "<group>"; };
		0193EC31212BA62C00A5598D /* UIView+SDExtension.h */ = {isa = PBXFileReference; fileEncoding = 4; lastKnownFileType = sourcecode.c.h; path = "UIView+SDExtension.h"; sourceTree = "<group>"; };
		0193EC32212BA62C00A5598D /* SDCycleScrollView.h */ = {isa = PBXFileReference; fileEncoding = 4; lastKnownFileType = sourcecode.c.h; path = SDCycleScrollView.h; sourceTree = "<group>"; };
		0193EC33212BA62C00A5598D /* SDCollectionViewCell.h */ = {isa = PBXFileReference; fileEncoding = 4; lastKnownFileType = sourcecode.c.h; path = SDCollectionViewCell.h; sourceTree = "<group>"; };
		0193EC34212BA62C00A5598D /* SDCycleScrollView.m */ = {isa = PBXFileReference; fileEncoding = 4; lastKnownFileType = sourcecode.c.objc; path = SDCycleScrollView.m; sourceTree = "<group>"; };
		0193EC35212BA62C00A5598D /* UIView+SDExtension.m */ = {isa = PBXFileReference; fileEncoding = 4; lastKnownFileType = sourcecode.c.objc; path = "UIView+SDExtension.m"; sourceTree = "<group>"; };
		0193EC36212BA62C00A5598D /* SDCollectionViewCell.m */ = {isa = PBXFileReference; fileEncoding = 4; lastKnownFileType = sourcecode.c.objc; path = SDCollectionViewCell.m; sourceTree = "<group>"; };
		0193EC38212BA62C00A5598D /* pageControlCurrentDot@2x.png */ = {isa = PBXFileReference; lastKnownFileType = image.png; path = "pageControlCurrentDot@2x.png"; sourceTree = "<group>"; };
		0193EC39212BA62C00A5598D /* TAAbstractDotView.h */ = {isa = PBXFileReference; fileEncoding = 4; lastKnownFileType = sourcecode.c.h; path = TAAbstractDotView.h; sourceTree = "<group>"; };
		0193EC3A212BA62C00A5598D /* TADotView.m */ = {isa = PBXFileReference; fileEncoding = 4; lastKnownFileType = sourcecode.c.objc; path = TADotView.m; sourceTree = "<group>"; };
		0193EC3B212BA62C00A5598D /* pageControlCurrentDot@3x.png */ = {isa = PBXFileReference; lastKnownFileType = image.png; path = "pageControlCurrentDot@3x.png"; sourceTree = "<group>"; };
		0193EC3C212BA62C00A5598D /* TAPageControl.m */ = {isa = PBXFileReference; fileEncoding = 4; lastKnownFileType = sourcecode.c.objc; path = TAPageControl.m; sourceTree = "<group>"; };
		0193EC3D212BA62C00A5598D /* TAAnimatedDotView.m */ = {isa = PBXFileReference; fileEncoding = 4; lastKnownFileType = sourcecode.c.objc; path = TAAnimatedDotView.m; sourceTree = "<group>"; };
		0193EC3E212BA62C00A5598D /* TAAbstractDotView.m */ = {isa = PBXFileReference; fileEncoding = 4; lastKnownFileType = sourcecode.c.objc; path = TAAbstractDotView.m; sourceTree = "<group>"; };
		0193EC3F212BA62C00A5598D /* pageControlDot@3x.png */ = {isa = PBXFileReference; lastKnownFileType = image.png; path = "pageControlDot@3x.png"; sourceTree = "<group>"; };
		0193EC40212BA62C00A5598D /* pageControlDot@2x.png */ = {isa = PBXFileReference; lastKnownFileType = image.png; path = "pageControlDot@2x.png"; sourceTree = "<group>"; };
		0193EC41212BA62C00A5598D /* TADotView.h */ = {isa = PBXFileReference; fileEncoding = 4; lastKnownFileType = sourcecode.c.h; path = TADotView.h; sourceTree = "<group>"; };
		0193EC42212BA62C00A5598D /* TAAnimatedDotView.h */ = {isa = PBXFileReference; fileEncoding = 4; lastKnownFileType = sourcecode.c.h; path = TAAnimatedDotView.h; sourceTree = "<group>"; };
		0193EC43212BA62C00A5598D /* TAPageControl.h */ = {isa = PBXFileReference; fileEncoding = 4; lastKnownFileType = sourcecode.c.h; path = TAPageControl.h; sourceTree = "<group>"; };
		0193EC45212BA62C00A5598D /* UIImageView+WebCache.h */ = {isa = PBXFileReference; fileEncoding = 4; lastKnownFileType = sourcecode.c.h; path = "UIImageView+WebCache.h"; sourceTree = "<group>"; };
		0193EC46212BA62C00A5598D /* NSData+ImageContentType.h */ = {isa = PBXFileReference; fileEncoding = 4; lastKnownFileType = sourcecode.c.h; path = "NSData+ImageContentType.h"; sourceTree = "<group>"; };
		0193EC47212BA62C00A5598D /* SDWebImageManager.m */ = {isa = PBXFileReference; fileEncoding = 4; lastKnownFileType = sourcecode.c.objc; path = SDWebImageManager.m; sourceTree = "<group>"; };
		0193EC48212BA62C00A5598D /* SDWebImageDecoder.m */ = {isa = PBXFileReference; fileEncoding = 4; lastKnownFileType = sourcecode.c.objc; path = SDWebImageDecoder.m; sourceTree = "<group>"; };
		0193EC49212BA62C00A5598D /* SDWebImageDownloaderOperation.h */ = {isa = PBXFileReference; fileEncoding = 4; lastKnownFileType = sourcecode.c.h; path = SDWebImageDownloaderOperation.h; sourceTree = "<group>"; };
		0193EC4A212BA62C00A5598D /* UIImageView+HighlightedWebCache.m */ = {isa = PBXFileReference; fileEncoding = 4; lastKnownFileType = sourcecode.c.objc; path = "UIImageView+HighlightedWebCache.m"; sourceTree = "<group>"; };
		0193EC4B212BA62C00A5598D /* SDImageCache.h */ = {isa = PBXFileReference; fileEncoding = 4; lastKnownFileType = sourcecode.c.h; path = SDImageCache.h; sourceTree = "<group>"; };
		0193EC4C212BA62C00A5598D /* SDWebImageDownloader.m */ = {isa = PBXFileReference; fileEncoding = 4; lastKnownFileType = sourcecode.c.objc; path = SDWebImageDownloader.m; sourceTree = "<group>"; };
		0193EC4D212BA62C00A5598D /* UIImage+GIF.m */ = {isa = PBXFileReference; fileEncoding = 4; lastKnownFileType = sourcecode.c.objc; path = "UIImage+GIF.m"; sourceTree = "<group>"; };
		0193EC4E212BA62C00A5598D /* UIButton+WebCache.h */ = {isa = PBXFileReference; fileEncoding = 4; lastKnownFileType = sourcecode.c.h; path = "UIButton+WebCache.h"; sourceTree = "<group>"; };
		0193EC4F212BA62C00A5598D /* UIImage+MultiFormat.m */ = {isa = PBXFileReference; fileEncoding = 4; lastKnownFileType = sourcecode.c.objc; path = "UIImage+MultiFormat.m"; sourceTree = "<group>"; };
		0193EC50212BA62C00A5598D /* SDWebImageCompat.m */ = {isa = PBXFileReference; fileEncoding = 4; lastKnownFileType = sourcecode.c.objc; path = SDWebImageCompat.m; sourceTree = "<group>"; };
		0193EC51212BA62C00A5598D /* SDWebImagePrefetcher.m */ = {isa = PBXFileReference; fileEncoding = 4; lastKnownFileType = sourcecode.c.objc; path = SDWebImagePrefetcher.m; sourceTree = "<group>"; };
		0193EC52212BA62C00A5598D /* UIView+WebCacheOperation.h */ = {isa = PBXFileReference; fileEncoding = 4; lastKnownFileType = sourcecode.c.h; path = "UIView+WebCacheOperation.h"; sourceTree = "<group>"; };
		0193EC53212BA62C00A5598D /* SDImageCache.m */ = {isa = PBXFileReference; fileEncoding = 4; lastKnownFileType = sourcecode.c.objc; path = SDImageCache.m; sourceTree = "<group>"; };
		0193EC54212BA62C00A5598D /* UIImageView+HighlightedWebCache.h */ = {isa = PBXFileReference; fileEncoding = 4; lastKnownFileType = sourcecode.c.h; path = "UIImageView+HighlightedWebCache.h"; sourceTree = "<group>"; };
		0193EC55212BA62C00A5598D /* SDWebImageDownloaderOperation.m */ = {isa = PBXFileReference; fileEncoding = 4; lastKnownFileType = sourcecode.c.objc; path = SDWebImageDownloaderOperation.m; sourceTree = "<group>"; };
		0193EC56212BA62C00A5598D /* SDWebImageDecoder.h */ = {isa = PBXFileReference; fileEncoding = 4; lastKnownFileType = sourcecode.c.h; path = SDWebImageDecoder.h; sourceTree = "<group>"; };
		0193EC57212BA62C00A5598D /* SDWebImageManager.h */ = {isa = PBXFileReference; fileEncoding = 4; lastKnownFileType = sourcecode.c.h; path = SDWebImageManager.h; sourceTree = "<group>"; };
		0193EC58212BA62C00A5598D /* NSData+ImageContentType.m */ = {isa = PBXFileReference; fileEncoding = 4; lastKnownFileType = sourcecode.c.objc; path = "NSData+ImageContentType.m"; sourceTree = "<group>"; };
		0193EC59212BA62C00A5598D /* UIImageView+WebCache.m */ = {isa = PBXFileReference; fileEncoding = 4; lastKnownFileType = sourcecode.c.objc; path = "UIImageView+WebCache.m"; sourceTree = "<group>"; };
		0193EC5A212BA62C00A5598D /* SDWebImageOperation.h */ = {isa = PBXFileReference; fileEncoding = 4; lastKnownFileType = sourcecode.c.h; path = SDWebImageOperation.h; sourceTree = "<group>"; };
		0193EC5B212BA62C00A5598D /* SDWebImageDownloader.h */ = {isa = PBXFileReference; fileEncoding = 4; lastKnownFileType = sourcecode.c.h; path = SDWebImageDownloader.h; sourceTree = "<group>"; };
		0193EC5C212BA62C00A5598D /* UIView+WebCacheOperation.m */ = {isa = PBXFileReference; fileEncoding = 4; lastKnownFileType = sourcecode.c.objc; path = "UIView+WebCacheOperation.m"; sourceTree = "<group>"; };
		0193EC5D212BA62C00A5598D /* SDWebImagePrefetcher.h */ = {isa = PBXFileReference; fileEncoding = 4; lastKnownFileType = sourcecode.c.h; path = SDWebImagePrefetcher.h; sourceTree = "<group>"; };
		0193EC5E212BA62C00A5598D /* SDWebImageCompat.h */ = {isa = PBXFileReference; fileEncoding = 4; lastKnownFileType = sourcecode.c.h; path = SDWebImageCompat.h; sourceTree = "<group>"; };
		0193EC5F212BA62C00A5598D /* UIImage+MultiFormat.h */ = {isa = PBXFileReference; fileEncoding = 4; lastKnownFileType = sourcecode.c.h; path = "UIImage+MultiFormat.h"; sourceTree = "<group>"; };
		0193EC60212BA62C00A5598D /* UIButton+WebCache.m */ = {isa = PBXFileReference; fileEncoding = 4; lastKnownFileType = sourcecode.c.objc; path = "UIButton+WebCache.m"; sourceTree = "<group>"; };
		0193EC61212BA62C00A5598D /* UIImage+GIF.h */ = {isa = PBXFileReference; fileEncoding = 4; lastKnownFileType = sourcecode.c.h; path = "UIImage+GIF.h"; sourceTree = "<group>"; };
		0193ECAC212BA64300A5598D /* ParentClassScrollViewController.h */ = {isa = PBXFileReference; fileEncoding = 4; lastKnownFileType = sourcecode.c.h; path = ParentClassScrollViewController.h; sourceTree = "<group>"; };
		0193ECAD212BA64300A5598D /* ViewController.m */ = {isa = PBXFileReference; fileEncoding = 4; lastKnownFileType = sourcecode.c.objc; path = ViewController.m; sourceTree = "<group>"; };
		0193ECAE212BA64300A5598D /* ViewController.h */ = {isa = PBXFileReference; fileEncoding = 4; lastKnownFileType = sourcecode.c.h; path = ViewController.h; sourceTree = "<group>"; };
		0193ECAF212BA64300A5598D /* ParentClassScrollViewController.m */ = {isa = PBXFileReference; fileEncoding = 4; lastKnownFileType = sourcecode.c.objc; path = ParentClassScrollViewController.m; sourceTree = "<group>"; };
		0193ECB3212BA69A00A5598D /* ShopImageDetailController.h */ = {isa = PBXFileReference; lastKnownFileType = sourcecode.c.h; path = ShopImageDetailController.h; sourceTree = "<group>"; };
		0193ECB4212BA69A00A5598D /* ShopImageDetailController.m */ = {isa = PBXFileReference; lastKnownFileType = sourcecode.c.objc; path = ShopImageDetailController.m; sourceTree = "<group>"; };
		0193ECB6212BA6A500A5598D /* ShopHotController.h */ = {isa = PBXFileReference; lastKnownFileType = sourcecode.c.h; path = ShopHotController.h; sourceTree = "<group>"; };
		0193ECB7212BA6A500A5598D /* ShopHotController.m */ = {isa = PBXFileReference; lastKnownFileType = sourcecode.c.objc; path = ShopHotController.m; sourceTree = "<group>"; };
		0193ECB9212BA6C300A5598D /* ShopCommentsController.h */ = {isa = PBXFileReference; lastKnownFileType = sourcecode.c.h; path = ShopCommentsController.h; sourceTree = "<group>"; };
		0193ECBA212BA6C300A5598D /* ShopCommentsController.m */ = {isa = PBXFileReference; lastKnownFileType = sourcecode.c.objc; path = ShopCommentsController.m; sourceTree = "<group>"; };
		0193ECBC212BA81400A5598D /* ShopHeadDetailView.h */ = {isa = PBXFileReference; lastKnownFileType = sourcecode.c.h; path = ShopHeadDetailView.h; sourceTree = "<group>"; };
		0193ECBD212BA81400A5598D /* ShopHeadDetailView.m */ = {isa = PBXFileReference; lastKnownFileType = sourcecode.c.objc; path = ShopHeadDetailView.m; sourceTree = "<group>"; };
		0193ECBF212BA84400A5598D /* ShopModel.h */ = {isa = PBXFileReference; lastKnownFileType = sourcecode.c.h; path = ShopModel.h; sourceTree = "<group>"; };
		0193ECC0212BA84400A5598D /* ShopModel.m */ = {isa = PBXFileReference; lastKnownFileType = sourcecode.c.objc; path = ShopModel.m; sourceTree = "<group>"; };
		0193ECC2212BA8CA00A5598D /* MainTouchTableVIew.h */ = {isa = PBXFileReference; fileEncoding = 4; lastKnownFileType = sourcecode.c.h; path = MainTouchTableVIew.h; sourceTree = "<group>"; };
		0193ECC3212BA8CA00A5598D /* MainTouchTableVIew.m */ = {isa = PBXFileReference; fileEncoding = 4; lastKnownFileType = sourcecode.c.objc; path = MainTouchTableVIew.m; sourceTree = "<group>"; };
		0193ECC5212BB1B900A5598D /* JoinShoppingVIew.m */ = {isa = PBXFileReference; fileEncoding = 4; lastKnownFileType = sourcecode.c.objc; path = JoinShoppingVIew.m; sourceTree = "<group>"; };
		0193ECC6212BB1BA00A5598D /* JoinShoppingVIew.h */ = {isa = PBXFileReference; fileEncoding = 4; lastKnownFileType = sourcecode.c.h; path = JoinShoppingVIew.h; sourceTree = "<group>"; };
		0193ECC8212BB7EF00A5598D /* ShopNavView.h */ = {isa = PBXFileReference; lastKnownFileType = sourcecode.c.h; path = ShopNavView.h; sourceTree = "<group>"; };
		0193ECC9212BB7EF00A5598D /* ShopNavView.m */ = {isa = PBXFileReference; lastKnownFileType = sourcecode.c.objc; path = ShopNavView.m; sourceTree = "<group>"; };
		0193ECCB212BB92C00A5598D /* DetaImagetableViewCell.m */ = {isa = PBXFileReference; fileEncoding = 4; lastKnownFileType = sourcecode.c.objc; path = DetaImagetableViewCell.m; sourceTree = "<group>"; };
		0193ECCC212BB92C00A5598D /* DetaImagetableViewCell.h */ = {isa = PBXFileReference; fileEncoding = 4; lastKnownFileType = sourcecode.c.h; path = DetaImagetableViewCell.h; sourceTree = "<group>"; };
/* End PBXFileReference section */

/* Begin PBXFrameworksBuildPhase section */
		014D35FE212AA1710025F64F /* Frameworks */ = {
			isa = PBXFrameworksBuildPhase;
			buildActionMask = 2147483647;
			files = (
			);
			runOnlyForDeploymentPostprocessing = 0;
		};
		014D3616212AA1730025F64F /* Frameworks */ = {
			isa = PBXFrameworksBuildPhase;
			buildActionMask = 2147483647;
			files = (
			);
			runOnlyForDeploymentPostprocessing = 0;
		};
		014D3621212AA1730025F64F /* Frameworks */ = {
			isa = PBXFrameworksBuildPhase;
			buildActionMask = 2147483647;
			files = (
			);
			runOnlyForDeploymentPostprocessing = 0;
		};
/* End PBXFrameworksBuildPhase section */

/* Begin PBXGroup section */
		014D35F8212AA1710025F64F = {
			isa = PBXGroup;
			children = (
				014D3603212AA1710025F64F /* IOS_ShopDetail */,
				014D361C212AA1730025F64F /* IOS_ShopDetailTests */,
				014D3627212AA1730025F64F /* IOS_ShopDetailUITests */,
				014D3602212AA1710025F64F /* Products */,
			);
			sourceTree = "<group>";
		};
		014D3602212AA1710025F64F /* Products */ = {
			isa = PBXGroup;
			children = (
				014D3601212AA1710025F64F /* IOS_ShopDetail.app */,
				014D3619212AA1730025F64F /* IOS_ShopDetailTests.xctest */,
				014D3624212AA1730025F64F /* IOS_ShopDetailUITests.xctest */,
			);
			name = Products;
			sourceTree = "<group>";
		};
		014D3603212AA1710025F64F /* IOS_ShopDetail */ = {
			isa = PBXGroup;
			children = (
				0193ECAB212BA64300A5598D /* Controller */,
				0193ECAA212BA64300A5598D /* Model */,
				0193ECB0212BA64300A5598D /* View */,
				0193EBC1212BA62C00A5598D /* Party */,
				014D3604212AA1710025F64F /* AppDelegate.h */,
				014D3605212AA1710025F64F /* AppDelegate.m */,
				014D360A212AA1710025F64F /* Main.storyboard */,
				014D360D212AA1730025F64F /* Assets.xcassets */,
				014D360F212AA1730025F64F /* LaunchScreen.storyboard */,
				014D3612212AA1730025F64F /* Info.plist */,
				014D3613212AA1730025F64F /* main.m */,
				014D3636212AA1B70025F64F /* PrefixHeader.pch */,
			);
			path = IOS_ShopDetail;
			sourceTree = "<group>";
		};
		014D361C212AA1730025F64F /* IOS_ShopDetailTests */ = {
			isa = PBXGroup;
			children = (
				014D361D212AA1730025F64F /* IOS_ShopDetailTests.m */,
				014D361F212AA1730025F64F /* Info.plist */,
			);
			path = IOS_ShopDetailTests;
			sourceTree = "<group>";
		};
		014D3627212AA1730025F64F /* IOS_ShopDetailUITests */ = {
			isa = PBXGroup;
			children = (
				014D3628212AA1730025F64F /* IOS_ShopDetailUITests.m */,
				014D362A212AA1730025F64F /* Info.plist */,
			);
			path = IOS_ShopDetailUITests;
			sourceTree = "<group>";
		};
		0193EBC1212BA62C00A5598D /* Party */ = {
			isa = PBXGroup;
			children = (
				0193EBC2212BA62C00A5598D /* MJExtension */,
				0193EBD8212BA62C00A5598D /* MJRefresh */,
				0193EC07212BA62C00A5598D /* Masonry */,
				0193EC21212BA62C00A5598D /* SelecterTools */,
				0193EC2A212BA62C00A5598D /* Commen */,
				0193EC2F212BA62C00A5598D /* SDCycleScrollView */,
				0193EC44212BA62C00A5598D /* SDWebImage */,
			);
			path = Party;
			sourceTree = "<group>";
		};
		0193EBC2212BA62C00A5598D /* MJExtension */ = {
			isa = PBXGroup;
			children = (
				0193EBC3212BA62C00A5598D /* MJPropertyKey.h */,
				0193EBC4212BA62C00A5598D /* NSObject+MJClass.h */,
				0193EBC5212BA62C00A5598D /* NSString+MJExtension.h */,
				0193EBC6212BA62C00A5598D /* MJPropertyType.m */,
				0193EBC7212BA62C00A5598D /* NSObject+MJProperty.h */,
				0193EBC8212BA62C00A5598D /* MJExtensionConst.h */,
				0193EBC9212BA62C00A5598D /* NSObject+MJKeyValue.m */,
				0193EBCA212BA62C00A5598D /* MJProperty.m */,
				0193EBCB212BA62C00A5598D /* MJFoundation.h */,
				0193EBCC212BA62C00A5598D /* NSObject+MJCoding.m */,
				0193EBCD212BA62C00A5598D /* MJExtension.h */,
				0193EBCE212BA62C00A5598D /* MJExtensionConst.m */,
				0193EBCF212BA62C00A5598D /* NSObject+MJProperty.m */,
				0193EBD0212BA62C00A5598D /* MJPropertyType.h */,
				0193EBD1212BA62C00A5598D /* NSObject+MJClass.m */,
				0193EBD2212BA62C00A5598D /* NSString+MJExtension.m */,
				0193EBD3212BA62C00A5598D /* MJPropertyKey.m */,
				0193EBD4212BA62C00A5598D /* MJProperty.h */,
				0193EBD5212BA62C00A5598D /* NSObject+MJKeyValue.h */,
				0193EBD6212BA62C00A5598D /* NSObject+MJCoding.h */,
				0193EBD7212BA62C00A5598D /* MJFoundation.m */,
			);
			path = MJExtension;
			sourceTree = "<group>";
		};
		0193EBD8212BA62C00A5598D /* MJRefresh */ = {
			isa = PBXGroup;
			children = (
				0193EBD9212BA62C00A5598D /* UIScrollView+MJRefresh.m */,
				0193EBDA212BA62C00A5598D /* MJRefreshConst.m */,
				0193EBDB212BA62C00A5598D /* UIScrollView+MJExtension.h */,
				0193EBDC212BA62C00A5598D /* MJRefresh.h */,
				0193EBDD212BA62C00A5598D /* NSBundle+MJRefresh.h */,
				0193EBDE212BA62C00A5598D /* MJRefresh.bundle */,
				0193EBDF212BA62C00A5598D /* UIView+MJExtension.h */,
				0193EBE0212BA62C00A5598D /* UIScrollView+MJExtension.m */,
				0193EBE1212BA62C00A5598D /* MJRefreshConst.h */,
				0193EBE2212BA62C00A5598D /* UIScrollView+MJRefresh.h */,
				0193EBE3212BA62C00A5598D /* NSBundle+MJRefresh.m */,
				0193EBE4212BA62C00A5598D /* UIView+MJExtension.m */,
				0193EBE5212BA62C00A5598D /* Custom */,
				0193EBFC212BA62C00A5598D /* Base */,
			);
			path = MJRefresh;
			sourceTree = "<group>";
		};
		0193EBE5212BA62C00A5598D /* Custom */ = {
			isa = PBXGroup;
			children = (
				0193EBE6212BA62C00A5598D /* Footer */,
				0193EBF5212BA62C00A5598D /* Header */,
			);
			path = Custom;
			sourceTree = "<group>";
		};
		0193EBE6212BA62C00A5598D /* Footer */ = {
			isa = PBXGroup;
			children = (
				0193EBE7212BA62C00A5598D /* Back */,
				0193EBEE212BA62C00A5598D /* Auto */,
			);
			path = Footer;
			sourceTree = "<group>";
		};
		0193EBE7212BA62C00A5598D /* Back */ = {
			isa = PBXGroup;
			children = (
				0193EBE8212BA62C00A5598D /* MJRefreshBackGifFooter.h */,
				0193EBE9212BA62C00A5598D /* MJRefreshBackStateFooter.h */,
				0193EBEA212BA62C00A5598D /* MJRefreshBackNormalFooter.h */,
				0193EBEB212BA62C00A5598D /* MJRefreshBackGifFooter.m */,
				0193EBEC212BA62C00A5598D /* MJRefreshBackStateFooter.m */,
				0193EBED212BA62C00A5598D /* MJRefreshBackNormalFooter.m */,
			);
			path = Back;
			sourceTree = "<group>";
		};
		0193EBEE212BA62C00A5598D /* Auto */ = {
			isa = PBXGroup;
			children = (
				0193EBEF212BA62C00A5598D /* MJRefreshAutoStateFooter.h */,
				0193EBF0212BA62C00A5598D /* MJRefreshAutoNormalFooter.h */,
				0193EBF1212BA62C00A5598D /* MJRefreshAutoGifFooter.h */,
				0193EBF2212BA62C00A5598D /* MJRefreshAutoStateFooter.m */,
				0193EBF3212BA62C00A5598D /* MJRefreshAutoGifFooter.m */,
				0193EBF4212BA62C00A5598D /* MJRefreshAutoNormalFooter.m */,
			);
			path = Auto;
			sourceTree = "<group>";
		};
		0193EBF5212BA62C00A5598D /* Header */ = {
			isa = PBXGroup;
			children = (
				0193EBF6212BA62C00A5598D /* MJRefreshNormalHeader.m */,
				0193EBF7212BA62C00A5598D /* MJRefreshStateHeader.h */,
				0193EBF8212BA62C00A5598D /* MJRefreshGifHeader.h */,
				0193EBF9212BA62C00A5598D /* MJRefreshNormalHeader.h */,
				0193EBFA212BA62C00A5598D /* MJRefreshStateHeader.m */,
				0193EBFB212BA62C00A5598D /* MJRefreshGifHeader.m */,
			);
			path = Header;
			sourceTree = "<group>";
		};
		0193EBFC212BA62C00A5598D /* Base */ = {
			isa = PBXGroup;
			children = (
				0193EBFD212BA62C00A5598D /* MJRefreshFooter.m */,
				0193EBFE212BA62C00A5598D /* MJRefreshComponent.h */,
				0193EBFF212BA62C00A5598D /* MJRefreshHeader.m */,
				0193EC00212BA62C00A5598D /* MJRefreshAutoFooter.h */,
				0193EC01212BA62C00A5598D /* MJRefreshBackFooter.m */,
				0193EC02212BA62C00A5598D /* MJRefreshAutoFooter.m */,
				0193EC03212BA62C00A5598D /* MJRefreshHeader.h */,
				0193EC04212BA62C00A5598D /* MJRefreshComponent.m */,
				0193EC05212BA62C00A5598D /* MJRefreshFooter.h */,
				0193EC06212BA62C00A5598D /* MJRefreshBackFooter.h */,
			);
			path = Base;
			sourceTree = "<group>";
		};
		0193EC07212BA62C00A5598D /* Masonry */ = {
			isa = PBXGroup;
			children = (
				0193EC08212BA62C00A5598D /* MASCompositeConstraint.h */,
				0193EC09212BA62C00A5598D /* NSLayoutConstraint+MASDebugAdditions.m */,
				0193EC0A212BA62C00A5598D /* MASConstraint+Private.h */,
				0193EC0B212BA62C00A5598D /* MASLayoutConstraint.h */,
				0193EC0C212BA62C00A5598D /* NSArray+MASShorthandAdditions.h */,
				0193EC0D212BA62C00A5598D /* MASConstraintMaker.h */,
				0193EC0E212BA62C00A5598D /* View+MASAdditions.h */,
				0193EC0F212BA62C00A5598D /* NSArray+MASAdditions.h */,
				0193EC10212BA62C00A5598D /* MASUtilities.h */,
				0193EC11212BA62C00A5598D /* MASViewAttribute.h */,
				0193EC12212BA62C00A5598D /* ViewController+MASAdditions.m */,
				0193EC13212BA62C00A5598D /* MASViewConstraint.h */,
				0193EC14212BA62C00A5598D /* MASConstraint.h */,
				0193EC15212BA62C00A5598D /* NSLayoutConstraint+MASDebugAdditions.h */,
				0193EC16212BA62C00A5598D /* MASCompositeConstraint.m */,
				0193EC17212BA62C00A5598D /* MASConstraintMaker.m */,
				0193EC18212BA62C00A5598D /* MASLayoutConstraint.m */,
				0193EC19212BA62C00A5598D /* NSArray+MASAdditions.m */,
				0193EC1A212BA62C00A5598D /* View+MASAdditions.m */,
				0193EC1B212BA62C00A5598D /* View+MASShorthandAdditions.h */,
				0193EC1C212BA62C00A5598D /* Masonry.h */,
				0193EC1D212BA62C00A5598D /* MASConstraint.m */,
				0193EC1E212BA62C00A5598D /* ViewController+MASAdditions.h */,
				0193EC1F212BA62C00A5598D /* MASViewConstraint.m */,
				0193EC20212BA62C00A5598D /* MASViewAttribute.m */,
			);
			path = Masonry;
			sourceTree = "<group>";
		};
		0193EC21212BA62C00A5598D /* SelecterTools */ = {
			isa = PBXGroup;
			children = (
				0193EC22212BA62C00A5598D /* TopicTypeModel.h */,
				0193EC23212BA62C00A5598D /* SelecterContentScrollView.h */,
				0193EC24212BA62C00A5598D /* SelecterToolsScrolView.h */,
				0193EC25212BA62C00A5598D /* TopicTypeHandle.h */,
				0193EC26212BA62C00A5598D /* TopicTypeModel.m */,
				0193EC27212BA62C00A5598D /* SelecterToolsScrolView.m */,
				0193EC28212BA62C00A5598D /* SelecterContentScrollView.m */,
				0193EC29212BA62C00A5598D /* TopicTypeHandle.m */,
			);
			path = SelecterTools;
			sourceTree = "<group>";
		};
		0193EC2A212BA62C00A5598D /* Commen */ = {
			isa = PBXGroup;
			children = (
				0193EC2B212BA62C00A5598D /* ValidateTool.m */,
				0193EC2C212BA62C00A5598D /* UIView+Extension.h */,
				0193EC2D212BA62C00A5598D /* ValidateTool.h */,
				0193EC2E212BA62C00A5598D /* UIView+Extension.m */,
			);
			path = Commen;
			sourceTree = "<group>";
		};
		0193EC2F212BA62C00A5598D /* SDCycleScrollView */ = {
			isa = PBXGroup;
			children = (
				0193EC30212BA62C00A5598D /* placeholder@2x.png */,
				0193EC31212BA62C00A5598D /* UIView+SDExtension.h */,
				0193EC32212BA62C00A5598D /* SDCycleScrollView.h */,
				0193EC33212BA62C00A5598D /* SDCollectionViewCell.h */,
				0193EC34212BA62C00A5598D /* SDCycleScrollView.m */,
				0193EC35212BA62C00A5598D /* UIView+SDExtension.m */,
				0193EC36212BA62C00A5598D /* SDCollectionViewCell.m */,
				0193EC37212BA62C00A5598D /* PageControl */,
			);
			path = SDCycleScrollView;
			sourceTree = "<group>";
		};
		0193EC37212BA62C00A5598D /* PageControl */ = {
			isa = PBXGroup;
			children = (
				0193EC38212BA62C00A5598D /* pageControlCurrentDot@2x.png */,
				0193EC39212BA62C00A5598D /* TAAbstractDotView.h */,
				0193EC3A212BA62C00A5598D /* TADotView.m */,
				0193EC3B212BA62C00A5598D /* pageControlCurrentDot@3x.png */,
				0193EC3C212BA62C00A5598D /* TAPageControl.m */,
				0193EC3D212BA62C00A5598D /* TAAnimatedDotView.m */,
				0193EC3E212BA62C00A5598D /* TAAbstractDotView.m */,
				0193EC3F212BA62C00A5598D /* pageControlDot@3x.png */,
				0193EC40212BA62C00A5598D /* pageControlDot@2x.png */,
				0193EC41212BA62C00A5598D /* TADotView.h */,
				0193EC42212BA62C00A5598D /* TAAnimatedDotView.h */,
				0193EC43212BA62C00A5598D /* TAPageControl.h */,
			);
			path = PageControl;
			sourceTree = "<group>";
		};
		0193EC44212BA62C00A5598D /* SDWebImage */ = {
			isa = PBXGroup;
			children = (
				0193EC45212BA62C00A5598D /* UIImageView+WebCache.h */,
				0193EC46212BA62C00A5598D /* NSData+ImageContentType.h */,
				0193EC47212BA62C00A5598D /* SDWebImageManager.m */,
				0193EC48212BA62C00A5598D /* SDWebImageDecoder.m */,
				0193EC49212BA62C00A5598D /* SDWebImageDownloaderOperation.h */,
				0193EC4A212BA62C00A5598D /* UIImageView+HighlightedWebCache.m */,
				0193EC4B212BA62C00A5598D /* SDImageCache.h */,
				0193EC4C212BA62C00A5598D /* SDWebImageDownloader.m */,
				0193EC4D212BA62C00A5598D /* UIImage+GIF.m */,
				0193EC4E212BA62C00A5598D /* UIButton+WebCache.h */,
				0193EC4F212BA62C00A5598D /* UIImage+MultiFormat.m */,
				0193EC50212BA62C00A5598D /* SDWebImageCompat.m */,
				0193EC51212BA62C00A5598D /* SDWebImagePrefetcher.m */,
				0193EC52212BA62C00A5598D /* UIView+WebCacheOperation.h */,
				0193EC53212BA62C00A5598D /* SDImageCache.m */,
				0193EC54212BA62C00A5598D /* UIImageView+HighlightedWebCache.h */,
				0193EC55212BA62C00A5598D /* SDWebImageDownloaderOperation.m */,
				0193EC56212BA62C00A5598D /* SDWebImageDecoder.h */,
				0193EC57212BA62C00A5598D /* SDWebImageManager.h */,
				0193EC58212BA62C00A5598D /* NSData+ImageContentType.m */,
				0193EC59212BA62C00A5598D /* UIImageView+WebCache.m */,
				0193EC5A212BA62C00A5598D /* SDWebImageOperation.h */,
				0193EC5B212BA62C00A5598D /* SDWebImageDownloader.h */,
				0193EC5C212BA62C00A5598D /* UIView+WebCacheOperation.m */,
				0193EC5D212BA62C00A5598D /* SDWebImagePrefetcher.h */,
				0193EC5E212BA62C00A5598D /* SDWebImageCompat.h */,
				0193EC5F212BA62C00A5598D /* UIImage+MultiFormat.h */,
				0193EC60212BA62C00A5598D /* UIButton+WebCache.m */,
				0193EC61212BA62C00A5598D /* UIImage+GIF.h */,
			);
			path = SDWebImage;
			sourceTree = "<group>";
		};
		0193ECAA212BA64300A5598D /* Model */ = {
			isa = PBXGroup;
			children = (
				0193ECBF212BA84400A5598D /* ShopModel.h */,
				0193ECC0212BA84400A5598D /* ShopModel.m */,
			);
			path = Model;
			sourceTree = "<group>";
		};
		0193ECAB212BA64300A5598D /* Controller */ = {
			isa = PBXGroup;
			children = (
				0193ECAE212BA64300A5598D /* ViewController.h */,
				0193ECAD212BA64300A5598D /* ViewController.m */,
				0193ECAC212BA64300A5598D /* ParentClassScrollViewController.h */,
				0193ECAF212BA64300A5598D /* ParentClassScrollViewController.m */,
				0193ECB3212BA69A00A5598D /* ShopImageDetailController.h */,
				0193ECB4212BA69A00A5598D /* ShopImageDetailController.m */,
				0193ECB6212BA6A500A5598D /* ShopHotController.h */,
				0193ECB7212BA6A500A5598D /* ShopHotController.m */,
				0193ECB9212BA6C300A5598D /* ShopCommentsController.h */,
				0193ECBA212BA6C300A5598D /* ShopCommentsController.m */,
			);
			path = Controller;
			sourceTree = "<group>";
		};
		0193ECB0212BA64300A5598D /* View */ = {
			isa = PBXGroup;
			children = (
				0193ECCC212BB92C00A5598D /* DetaImagetableViewCell.h */,
				0193ECCB212BB92C00A5598D /* DetaImagetableViewCell.m */,
				0193ECC6212BB1BA00A5598D /* JoinShoppingVIew.h */,
				0193ECC5212BB1B900A5598D /* JoinShoppingVIew.m */,
				0193ECC2212BA8CA00A5598D /* MainTouchTableVIew.h */,
				0193ECC3212BA8CA00A5598D /* MainTouchTableVIew.m */,
				0193ECBC212BA81400A5598D /* ShopHeadDetailView.h */,
				0193ECBD212BA81400A5598D /* ShopHeadDetailView.m */,
				0193ECC8212BB7EF00A5598D /* ShopNavView.h */,
				0193ECC9212BB7EF00A5598D /* ShopNavView.m */,
			);
			path = View;
			sourceTree = "<group>";
		};
/* End PBXGroup section */

/* Begin PBXNativeTarget section */
		014D3600212AA1710025F64F /* IOS_ShopDetail */ = {
			isa = PBXNativeTarget;
			buildConfigurationList = 014D362D212AA1730025F64F /* Build configuration list for PBXNativeTarget "IOS_ShopDetail" */;
			buildPhases = (
				014D35FD212AA1710025F64F /* Sources */,
				014D35FE212AA1710025F64F /* Frameworks */,
				014D35FF212AA1710025F64F /* Resources */,
			);
			buildRules = (
			);
			dependencies = (
			);
			name = IOS_ShopDetail;
			productName = IOS_ShopDetail;
			productReference = 014D3601212AA1710025F64F /* IOS_ShopDetail.app */;
			productType = "com.apple.product-type.application";
		};
		014D3618212AA1730025F64F /* IOS_ShopDetailTests */ = {
			isa = PBXNativeTarget;
			buildConfigurationList = 014D3630212AA1730025F64F /* Build configuration list for PBXNativeTarget "IOS_ShopDetailTests" */;
			buildPhases = (
				014D3615212AA1730025F64F /* Sources */,
				014D3616212AA1730025F64F /* Frameworks */,
				014D3617212AA1730025F64F /* Resources */,
			);
			buildRules = (
			);
			dependencies = (
				014D361B212AA1730025F64F /* PBXTargetDependency */,
			);
			name = IOS_ShopDetailTests;
			productName = IOS_ShopDetailTests;
			productReference = 014D3619212AA1730025F64F /* IOS_ShopDetailTests.xctest */;
			productType = "com.apple.product-type.bundle.unit-test";
		};
		014D3623212AA1730025F64F /* IOS_ShopDetailUITests */ = {
			isa = PBXNativeTarget;
			buildConfigurationList = 014D3633212AA1730025F64F /* Build configuration list for PBXNativeTarget "IOS_ShopDetailUITests" */;
			buildPhases = (
				014D3620212AA1730025F64F /* Sources */,
				014D3621212AA1730025F64F /* Frameworks */,
				014D3622212AA1730025F64F /* Resources */,
			);
			buildRules = (
			);
			dependencies = (
				014D3626212AA1730025F64F /* PBXTargetDependency */,
			);
			name = IOS_ShopDetailUITests;
			productName = IOS_ShopDetailUITests;
			productReference = 014D3624212AA1730025F64F /* IOS_ShopDetailUITests.xctest */;
			productType = "com.apple.product-type.bundle.ui-testing";
		};
/* End PBXNativeTarget section */

/* Begin PBXProject section */
		014D35F9212AA1710025F64F /* Project object */ = {
			isa = PBXProject;
			attributes = {
				LastUpgradeCheck = 0940;
				ORGANIZATIONNAME = GH;
				TargetAttributes = {
					014D3600212AA1710025F64F = {
						CreatedOnToolsVersion = 9.4.1;
					};
					014D3618212AA1730025F64F = {
						CreatedOnToolsVersion = 9.4.1;
						TestTargetID = 014D3600212AA1710025F64F;
					};
					014D3623212AA1730025F64F = {
						CreatedOnToolsVersion = 9.4.1;
						TestTargetID = 014D3600212AA1710025F64F;
					};
				};
			};
			buildConfigurationList = 014D35FC212AA1710025F64F /* Build configuration list for PBXProject "IOS_ShopDetail" */;
			compatibilityVersion = "Xcode 9.3";
			developmentRegion = en;
			hasScannedForEncodings = 0;
			knownRegions = (
				en,
				Base,
			);
			mainGroup = 014D35F8212AA1710025F64F;
			productRefGroup = 014D3602212AA1710025F64F /* Products */;
			projectDirPath = "";
			projectRoot = "";
			targets = (
				014D3600212AA1710025F64F /* IOS_ShopDetail */,
				014D3618212AA1730025F64F /* IOS_ShopDetailTests */,
				014D3623212AA1730025F64F /* IOS_ShopDetailUITests */,
			);
		};
/* End PBXProject section */

/* Begin PBXResourcesBuildPhase section */
		014D35FF212AA1710025F64F /* Resources */ = {
			isa = PBXResourcesBuildPhase;
			buildActionMask = 2147483647;
			files = (
				0193EC9A212BA62C00A5598D /* pageControlDot@3x.png in Resources */,
				0193EC96212BA62C00A5598D /* pageControlCurrentDot@3x.png in Resources */,
				0193EC90212BA62C00A5598D /* placeholder@2x.png in Resources */,
				0193EC94212BA62C00A5598D /* pageControlCurrentDot@2x.png in Resources */,
				014D3611212AA1730025F64F /* LaunchScreen.storyboard in Resources */,
				014D360E212AA1730025F64F /* Assets.xcassets in Resources */,
				0193EC9B212BA62C00A5598D /* pageControlDot@2x.png in Resources */,
				0193EC6E212BA62C00A5598D /* MJRefresh.bundle in Resources */,
				014D360C212AA1710025F64F /* Main.storyboard in Resources */,
			);
			runOnlyForDeploymentPostprocessing = 0;
		};
		014D3617212AA1730025F64F /* Resources */ = {
			isa = PBXResourcesBuildPhase;
			buildActionMask = 2147483647;
			files = (
			);
			runOnlyForDeploymentPostprocessing = 0;
		};
		014D3622212AA1730025F64F /* Resources */ = {
			isa = PBXResourcesBuildPhase;
			buildActionMask = 2147483647;
			files = (
			);
			runOnlyForDeploymentPostprocessing = 0;
		};
/* End PBXResourcesBuildPhase section */

/* Begin PBXSourcesBuildPhase section */
		014D35FD212AA1710025F64F /* Sources */ = {
			isa = PBXSourcesBuildPhase;
			buildActionMask = 2147483647;
			files = (
				0193ECA5212BA62C00A5598D /* SDWebImageDownloaderOperation.m in Sources */,
				0193EC62212BA62C00A5598D /* MJPropertyType.m in Sources */,
				0193EC70212BA62C00A5598D /* NSBundle+MJRefresh.m in Sources */,
				0193EC85212BA62C00A5598D /* NSArray+MASAdditions.m in Sources */,
				0193EC7D212BA62C00A5598D /* MJRefreshBackFooter.m in Sources */,
				0193EC9F212BA62C00A5598D /* SDWebImageDownloader.m in Sources */,
				0193EC6B212BA62C00A5598D /* MJFoundation.m in Sources */,
				0193ECA9212BA62C00A5598D /* UIButton+WebCache.m in Sources */,
				0193ECC7212BB1BA00A5598D /* JoinShoppingVIew.m in Sources */,
				0193ECA8212BA62C00A5598D /* UIView+WebCacheOperation.m in Sources */,
				0193EC82212BA62C00A5598D /* MASCompositeConstraint.m in Sources */,
				0193EC74212BA62C00A5598D /* MJRefreshBackNormalFooter.m in Sources */,
				0193EC72212BA62C00A5598D /* MJRefreshBackGifFooter.m in Sources */,
				0193ECBB212BA6C300A5598D /* ShopCommentsController.m in Sources */,
				0193EC66212BA62C00A5598D /* MJExtensionConst.m in Sources */,
				0193ECC4212BA8CA00A5598D /* MainTouchTableVIew.m in Sources */,
				0193EC91212BA62C00A5598D /* SDCycleScrollView.m in Sources */,
				0193ECC1212BA84400A5598D /* ShopModel.m in Sources */,
				0193EC6F212BA62C00A5598D /* UIScrollView+MJExtension.m in Sources */,
				0193EC76212BA62C00A5598D /* MJRefreshAutoGifFooter.m in Sources */,
				0193ECCD212BB92C00A5598D /* DetaImagetableViewCell.m in Sources */,
				0193EC75212BA62C00A5598D /* MJRefreshAutoStateFooter.m in Sources */,
				0193EC81212BA62C00A5598D /* ViewController+MASAdditions.m in Sources */,
				0193EC9C212BA62C00A5598D /* SDWebImageManager.m in Sources */,
				0193ECA3212BA62C00A5598D /* SDWebImagePrefetcher.m in Sources */,
				0193EC8C212BA62C00A5598D /* SelecterContentScrollView.m in Sources */,
				0193EC9E212BA62C00A5598D /* UIImageView+HighlightedWebCache.m in Sources */,
				0193EC64212BA62C00A5598D /* MJProperty.m in Sources */,
				0193EC99212BA62C00A5598D /* TAAbstractDotView.m in Sources */,
				0193ECBE212BA81400A5598D /* ShopHeadDetailView.m in Sources */,
				0193EC80212BA62C00A5598D /* NSLayoutConstraint+MASDebugAdditions.m in Sources */,
				0193EC93212BA62C00A5598D /* SDCollectionViewCell.m in Sources */,
				0193ECA1212BA62C00A5598D /* UIImage+MultiFormat.m in Sources */,
				0193EC9D212BA62C00A5598D /* SDWebImageDecoder.m in Sources */,
				0193EC65212BA62C00A5598D /* NSObject+MJCoding.m in Sources */,
				0193EC68212BA62C00A5598D /* NSObject+MJClass.m in Sources */,
				0193EC8B212BA62C00A5598D /* SelecterToolsScrolView.m in Sources */,
				0193EC6D212BA62C00A5598D /* MJRefreshConst.m in Sources */,
				0193EC6C212BA62C00A5598D /* UIScrollView+MJRefresh.m in Sources */,
				0193EC89212BA62C00A5598D /* MASViewAttribute.m in Sources */,
				0193EC8F212BA62C00A5598D /* UIView+Extension.m in Sources */,
				0193EC7F212BA62C00A5598D /* MJRefreshComponent.m in Sources */,
				0193EC95212BA62C00A5598D /* TADotView.m in Sources */,
				0193EC78212BA62C00A5598D /* MJRefreshNormalHeader.m in Sources */,
				0193ECA7212BA62C00A5598D /* UIImageView+WebCache.m in Sources */,
				0193ECB8212BA6A500A5598D /* ShopHotController.m in Sources */,
				0193EC77212BA62C00A5598D /* MJRefreshAutoNormalFooter.m in Sources */,
				0193EC87212BA62C00A5598D /* MASConstraint.m in Sources */,
				014D3614212AA1730025F64F /* main.m in Sources */,
				0193EC84212BA62C00A5598D /* MASLayoutConstraint.m in Sources */,
				0193ECA2212BA62C00A5598D /* SDWebImageCompat.m in Sources */,
				0193EC69212BA62C00A5598D /* NSString+MJExtension.m in Sources */,
				0193EC97212BA62C00A5598D /* TAPageControl.m in Sources */,
				0193EC8A212BA62C00A5598D /* TopicTypeModel.m in Sources */,
				0193EC67212BA62C00A5598D /* NSObject+MJProperty.m in Sources */,
				0193ECA6212BA62C00A5598D /* NSData+ImageContentType.m in Sources */,
				0193EC8E212BA62C00A5598D /* ValidateTool.m in Sources */,
				0193EC86212BA62C00A5598D /* View+MASAdditions.m in Sources */,
				0193EC71212BA62C00A5598D /* UIView+MJExtension.m in Sources */,
				0193ECA4212BA62C00A5598D /* SDImageCache.m in Sources */,
				0193EC83212BA62C00A5598D /* MASConstraintMaker.m in Sources */,
				0193ECB2212BA64400A5598D /* ParentClassScrollViewController.m in Sources */,
				0193EC7B212BA62C00A5598D /* MJRefreshFooter.m in Sources */,
				0193EC98212BA62C00A5598D /* TAAnimatedDotView.m in Sources */,
				0193EC79212BA62C00A5598D /* MJRefreshStateHeader.m in Sources */,
				0193EC63212BA62C00A5598D /* NSObject+MJKeyValue.m in Sources */,
				0193EC7C212BA62C00A5598D /* MJRefreshHeader.m in Sources */,
				0193ECA0212BA62C00A5598D /* UIImage+GIF.m in Sources */,
				0193EC7A212BA62C00A5598D /* MJRefreshGifHeader.m in Sources */,
				0193EC8D212BA62C00A5598D /* TopicTypeHandle.m in Sources */,
				0193EC6A212BA62C00A5598D /* MJPropertyKey.m in Sources */,
				014D3606212AA1710025F64F /* AppDelegate.m in Sources */,
				0193EC88212BA62C00A5598D /* MASViewConstraint.m in Sources */,
				0193EC7E212BA62C00A5598D /* MJRefreshAutoFooter.m in Sources */,
				0193ECB1212BA64400A5598D /* ViewController.m in Sources */,
				0193ECCA212BB7EF00A5598D /* ShopNavView.m in Sources */,
				0193ECB5212BA69A00A5598D /* ShopImageDetailController.m in Sources */,
				0193EC92212BA62C00A5598D /* UIView+SDExtension.m in Sources */,
				0193EC73212BA62C00A5598D /* MJRefreshBackStateFooter.m in Sources */,
			);
			runOnlyForDeploymentPostprocessing = 0;
		};
		014D3615212AA1730025F64F /* Sources */ = {
			isa = PBXSourcesBuildPhase;
			buildActionMask = 2147483647;
			files = (
				014D361E212AA1730025F64F /* IOS_ShopDetailTests.m in Sources */,
			);
			runOnlyForDeploymentPostprocessing = 0;
		};
		014D3620212AA1730025F64F /* Sources */ = {
			isa = PBXSourcesBuildPhase;
			buildActionMask = 2147483647;
			files = (
				014D3629212AA1730025F64F /* IOS_ShopDetailUITests.m in Sources */,
			);
			runOnlyForDeploymentPostprocessing = 0;
		};
/* End PBXSourcesBuildPhase section */

/* Begin PBXTargetDependency section */
		014D361B212AA1730025F64F /* PBXTargetDependency */ = {
			isa = PBXTargetDependency;
			target = 014D3600212AA1710025F64F /* IOS_ShopDetail */;
			targetProxy = 014D361A212AA1730025F64F /* PBXContainerItemProxy */;
		};
		014D3626212AA1730025F64F /* PBXTargetDependency */ = {
			isa = PBXTargetDependency;
			target = 014D3600212AA1710025F64F /* IOS_ShopDetail */;
			targetProxy = 014D3625212AA1730025F64F /* PBXContainerItemProxy */;
		};
/* End PBXTargetDependency section */

/* Begin PBXVariantGroup section */
		014D360A212AA1710025F64F /* Main.storyboard */ = {
			isa = PBXVariantGroup;
			children = (
				014D360B212AA1710025F64F /* Base */,
			);
			name = Main.storyboard;
			sourceTree = "<group>";
		};
		014D360F212AA1730025F64F /* LaunchScreen.storyboard */ = {
			isa = PBXVariantGroup;
			children = (
				014D3610212AA1730025F64F /* Base */,
			);
			name = LaunchScreen.storyboard;
			sourceTree = "<group>";
		};
/* End PBXVariantGroup section */

/* Begin XCBuildConfiguration section */
		014D362B212AA1730025F64F /* Debug */ = {
			isa = XCBuildConfiguration;
			buildSettings = {
				ALWAYS_SEARCH_USER_PATHS = NO;
				CLANG_ANALYZER_NONNULL = YES;
				CLANG_ANALYZER_NUMBER_OBJECT_CONVERSION = YES_AGGRESSIVE;
				CLANG_CXX_LANGUAGE_STANDARD = "gnu++14";
				CLANG_CXX_LIBRARY = "libc++";
				CLANG_ENABLE_MODULES = YES;
				CLANG_ENABLE_OBJC_ARC = YES;
				CLANG_ENABLE_OBJC_WEAK = YES;
				CLANG_WARN_BLOCK_CAPTURE_AUTORELEASING = YES;
				CLANG_WARN_BOOL_CONVERSION = YES;
				CLANG_WARN_COMMA = YES;
				CLANG_WARN_CONSTANT_CONVERSION = YES;
				CLANG_WARN_DEPRECATED_OBJC_IMPLEMENTATIONS = YES;
				CLANG_WARN_DIRECT_OBJC_ISA_USAGE = YES_ERROR;
				CLANG_WARN_DOCUMENTATION_COMMENTS = YES;
				CLANG_WARN_EMPTY_BODY = YES;
				CLANG_WARN_ENUM_CONVERSION = YES;
				CLANG_WARN_INFINITE_RECURSION = YES;
				CLANG_WARN_INT_CONVERSION = YES;
				CLANG_WARN_NON_LITERAL_NULL_CONVERSION = YES;
				CLANG_WARN_OBJC_IMPLICIT_RETAIN_SELF = YES;
				CLANG_WARN_OBJC_LITERAL_CONVERSION = YES;
				CLANG_WARN_OBJC_ROOT_CLASS = YES_ERROR;
				CLANG_WARN_RANGE_LOOP_ANALYSIS = YES;
				CLANG_WARN_STRICT_PROTOTYPES = YES;
				CLANG_WARN_SUSPICIOUS_MOVE = YES;
				CLANG_WARN_UNGUARDED_AVAILABILITY = YES_AGGRESSIVE;
				CLANG_WARN_UNREACHABLE_CODE = YES;
				CLANG_WARN__DUPLICATE_METHOD_MATCH = YES;
				CODE_SIGN_IDENTITY = "iPhone Developer";
				COPY_PHASE_STRIP = NO;
				DEBUG_INFORMATION_FORMAT = dwarf;
				ENABLE_STRICT_OBJC_MSGSEND = YES;
				ENABLE_TESTABILITY = YES;
				GCC_C_LANGUAGE_STANDARD = gnu11;
				GCC_DYNAMIC_NO_PIC = NO;
				GCC_NO_COMMON_BLOCKS = YES;
				GCC_OPTIMIZATION_LEVEL = 0;
				GCC_PREPROCESSOR_DEFINITIONS = (
					"DEBUG=1",
					"$(inherited)",
				);
				GCC_WARN_64_TO_32_BIT_CONVERSION = YES;
				GCC_WARN_ABOUT_RETURN_TYPE = YES_ERROR;
				GCC_WARN_UNDECLARED_SELECTOR = YES;
				GCC_WARN_UNINITIALIZED_AUTOS = YES_AGGRESSIVE;
				GCC_WARN_UNUSED_FUNCTION = YES;
				GCC_WARN_UNUSED_VARIABLE = YES;
				IPHONEOS_DEPLOYMENT_TARGET = 11.4;
				MTL_ENABLE_DEBUG_INFO = YES;
				ONLY_ACTIVE_ARCH = YES;
				SDKROOT = iphoneos;
			};
			name = Debug;
		};
		014D362C212AA1730025F64F /* Release */ = {
			isa = XCBuildConfiguration;
			buildSettings = {
				ALWAYS_SEARCH_USER_PATHS = NO;
				CLANG_ANALYZER_NONNULL = YES;
				CLANG_ANALYZER_NUMBER_OBJECT_CONVERSION = YES_AGGRESSIVE;
				CLANG_CXX_LANGUAGE_STANDARD = "gnu++14";
				CLANG_CXX_LIBRARY = "libc++";
				CLANG_ENABLE_MODULES = YES;
				CLANG_ENABLE_OBJC_ARC = YES;
				CLANG_ENABLE_OBJC_WEAK = YES;
				CLANG_WARN_BLOCK_CAPTURE_AUTORELEASING = YES;
				CLANG_WARN_BOOL_CONVERSION = YES;
				CLANG_WARN_COMMA = YES;
				CLANG_WARN_CONSTANT_CONVERSION = YES;
				CLANG_WARN_DEPRECATED_OBJC_IMPLEMENTATIONS = YES;
				CLANG_WARN_DIRECT_OBJC_ISA_USAGE = YES_ERROR;
				CLANG_WARN_DOCUMENTATION_COMMENTS = YES;
				CLANG_WARN_EMPTY_BODY = YES;
				CLANG_WARN_ENUM_CONVERSION = YES;
				CLANG_WARN_INFINITE_RECURSION = YES;
				CLANG_WARN_INT_CONVERSION = YES;
				CLANG_WARN_NON_LITERAL_NULL_CONVERSION = YES;
				CLANG_WARN_OBJC_IMPLICIT_RETAIN_SELF = YES;
				CLANG_WARN_OBJC_LITERAL_CONVERSION = YES;
				CLANG_WARN_OBJC_ROOT_CLASS = YES_ERROR;
				CLANG_WARN_RANGE_LOOP_ANALYSIS = YES;
				CLANG_WARN_STRICT_PROTOTYPES = YES;
				CLANG_WARN_SUSPICIOUS_MOVE = YES;
				CLANG_WARN_UNGUARDED_AVAILABILITY = YES_AGGRESSIVE;
				CLANG_WARN_UNREACHABLE_CODE = YES;
				CLANG_WARN__DUPLICATE_METHOD_MATCH = YES;
				CODE_SIGN_IDENTITY = "iPhone Developer";
				COPY_PHASE_STRIP = NO;
				DEBUG_INFORMATION_FORMAT = "dwarf-with-dsym";
				ENABLE_NS_ASSERTIONS = NO;
				ENABLE_STRICT_OBJC_MSGSEND = YES;
				GCC_C_LANGUAGE_STANDARD = gnu11;
				GCC_NO_COMMON_BLOCKS = YES;
				GCC_WARN_64_TO_32_BIT_CONVERSION = YES;
				GCC_WARN_ABOUT_RETURN_TYPE = YES_ERROR;
				GCC_WARN_UNDECLARED_SELECTOR = YES;
				GCC_WARN_UNINITIALIZED_AUTOS = YES_AGGRESSIVE;
				GCC_WARN_UNUSED_FUNCTION = YES;
				GCC_WARN_UNUSED_VARIABLE = YES;
				IPHONEOS_DEPLOYMENT_TARGET = 11.4;
				MTL_ENABLE_DEBUG_INFO = NO;
				SDKROOT = iphoneos;
				VALIDATE_PRODUCT = YES;
			};
			name = Release;
		};
		014D362E212AA1730025F64F /* Debug */ = {
			isa = XCBuildConfiguration;
			buildSettings = {
				ASSETCATALOG_COMPILER_APPICON_NAME = AppIcon;
				CODE_SIGN_STYLE = Automatic;
				DEVELOPMENT_TEAM = 3595CDHSB9;
				GCC_PREFIX_HEADER = "$(SRCROOT)/IOS_ShopDetail/PrefixHeader.pch";
				INFOPLIST_FILE = IOS_ShopDetail/Info.plist;
				IPHONEOS_DEPLOYMENT_TARGET = 8.0;
				LD_RUNPATH_SEARCH_PATHS = (
					"$(inherited)",
					"@executable_path/Frameworks",
				);
				PRODUCT_BUNDLE_IDENTIFIER = "com.IOS-ShopDetail";
				PRODUCT_NAME = "$(TARGET_NAME)";
				TARGETED_DEVICE_FAMILY = 1;
			};
			name = Debug;
		};
		014D362F212AA1730025F64F /* Release */ = {
			isa = XCBuildConfiguration;
			buildSettings = {
				ASSETCATALOG_COMPILER_APPICON_NAME = AppIcon;
				CODE_SIGN_STYLE = Automatic;
				DEVELOPMENT_TEAM = 3595CDHSB9;
				GCC_PREFIX_HEADER = "$(SRCROOT)/IOS_ShopDetail/PrefixHeader.pch";
				INFOPLIST_FILE = IOS_ShopDetail/Info.plist;
				IPHONEOS_DEPLOYMENT_TARGET = 8.0;
				LD_RUNPATH_SEARCH_PATHS = (
					"$(inherited)",
					"@executable_path/Frameworks",
				);
				PRODUCT_BUNDLE_IDENTIFIER = "com.IOS-ShopDetail";
				PRODUCT_NAME = "$(TARGET_NAME)";
				TARGETED_DEVICE_FAMILY = 1;
			};
			name = Release;
		};
		014D3631212AA1730025F64F /* Debug */ = {
			isa = XCBuildConfiguration;
			buildSettings = {
				BUNDLE_LOADER = "$(TEST_HOST)";
				CODE_SIGN_STYLE = Automatic;
				INFOPLIST_FILE = IOS_ShopDetailTests/Info.plist;
				LD_RUNPATH_SEARCH_PATHS = (
					"$(inherited)",
					"@executable_path/Frameworks",
					"@loader_path/Frameworks",
				);
				PRODUCT_BUNDLE_IDENTIFIER = "com.IOS-ShopDetailTests";
				PRODUCT_NAME = "$(TARGET_NAME)";
				TARGETED_DEVICE_FAMILY = "1,2";
				TEST_HOST = "$(BUILT_PRODUCTS_DIR)/IOS_ShopDetail.app/IOS_ShopDetail";
			};
			name = Debug;
		};
		014D3632212AA1730025F64F /* Release */ = {
			isa = XCBuildConfiguration;
			buildSettings = {
				BUNDLE_LOADER = "$(TEST_HOST)";
				CODE_SIGN_STYLE = Automatic;
				INFOPLIST_FILE = IOS_ShopDetailTests/Info.plist;
				LD_RUNPATH_SEARCH_PATHS = (
					"$(inherited)",
					"@executable_path/Frameworks",
					"@loader_path/Frameworks",
				);
				PRODUCT_BUNDLE_IDENTIFIER = "com.IOS-ShopDetailTests";
				PRODUCT_NAME = "$(TARGET_NAME)";
				TARGETED_DEVICE_FAMILY = "1,2";
				TEST_HOST = "$(BUILT_PRODUCTS_DIR)/IOS_ShopDetail.app/IOS_ShopDetail";
			};
			name = Release;
		};
		014D3634212AA1730025F64F /* Debug */ = {
			isa = XCBuildConfiguration;
			buildSettings = {
				CODE_SIGN_STYLE = Automatic;
				INFOPLIST_FILE = IOS_ShopDetailUITests/Info.plist;
				LD_RUNPATH_SEARCH_PATHS = (
					"$(inherited)",
					"@executable_path/Frameworks",
					"@loader_path/Frameworks",
				);
				PRODUCT_BUNDLE_IDENTIFIER = "com.IOS-ShopDetailUITests";
				PRODUCT_NAME = "$(TARGET_NAME)";
				TARGETED_DEVICE_FAMILY = "1,2";
				TEST_TARGET_NAME = IOS_ShopDetail;
			};
			name = Debug;
		};
		014D3635212AA1730025F64F /* Release */ = {
			isa = XCBuildConfiguration;
			buildSettings = {
				CODE_SIGN_STYLE = Automatic;
				INFOPLIST_FILE = IOS_ShopDetailUITests/Info.plist;
				LD_RUNPATH_SEARCH_PATHS = (
					"$(inherited)",
					"@executable_path/Frameworks",
					"@loader_path/Frameworks",
				);
				PRODUCT_BUNDLE_IDENTIFIER = "com.IOS-ShopDetailUITests";
				PRODUCT_NAME = "$(TARGET_NAME)";
				TARGETED_DEVICE_FAMILY = "1,2";
				TEST_TARGET_NAME = IOS_ShopDetail;
			};
			name = Release;
		};
/* End XCBuildConfiguration section */

/* Begin XCConfigurationList section */
		014D35FC212AA1710025F64F /* Build configuration list for PBXProject "IOS_ShopDetail" */ = {
			isa = XCConfigurationList;
			buildConfigurations = (
				014D362B212AA1730025F64F /* Debug */,
				014D362C212AA1730025F64F /* Release */,
			);
			defaultConfigurationIsVisible = 0;
			defaultConfigurationName = Release;
		};
		014D362D212AA1730025F64F /* Build configuration list for PBXNativeTarget "IOS_ShopDetail" */ = {
			isa = XCConfigurationList;
			buildConfigurations = (
				014D362E212AA1730025F64F /* Debug */,
				014D362F212AA1730025F64F /* Release */,
			);
			defaultConfigurationIsVisible = 0;
			defaultConfigurationName = Release;
		};
		014D3630212AA1730025F64F /* Build configuration list for PBXNativeTarget "IOS_ShopDetailTests" */ = {
			isa = XCConfigurationList;
			buildConfigurations = (
				014D3631212AA1730025F64F /* Debug */,
				014D3632212AA1730025F64F /* Release */,
			);
			defaultConfigurationIsVisible = 0;
			defaultConfigurationName = Release;
		};
		014D3633212AA1730025F64F /* Build configuration list for PBXNativeTarget "IOS_ShopDetailUITests" */ = {
			isa = XCConfigurationList;
			buildConfigurations = (
				014D3634212AA1730025F64F /* Debug */,
				014D3635212AA1730025F64F /* Release */,
			);
			defaultConfigurationIsVisible = 0;
			defaultConfigurationName = Release;
		};
/* End XCConfigurationList section */
	};
	rootObject = 014D35F9212AA1710025F64F /* Project object */;
}
